<?xml version="1.0" encoding="utf-8"?>
<Project ToolsVersion="4.0" xmlns="http://schemas.microsoft.com/developer/msbuild/2003">
  <ItemGroup>
    <Filter Include="src">
      <UniqueIdentifier>{a76bb8bb-bfb2-41fe-bf81-17c4e35210d6}</UniqueIdentifier>
    </Filter>
    <Filter Include="glue">
      <UniqueIdentifier>{7b5b95d5-8eab-43cf-a997-b74af5712876}</UniqueIdentifier>
    </Filter>
    <Filter Include="assets">
      <UniqueIdentifier>{ba60f436-2b90-434a-b790-646d02a9033c}</UniqueIdentifier>
    </Filter>
    <Filter Include="assets\shader">
      <UniqueIdentifier>{ec50cd6c-13e1-4d8f-9301-5873ab3f26f5}</UniqueIdentifier>
    </Filter>
    <Filter Include="assets\ui">
      <UniqueIdentifier>{e9bdb002-499d-464c-9bf5-84b0b62895fd}</UniqueIdentifier>
    </Filter>
  </ItemGroup>
  <ItemGroup>
    <ClCompile Include="..\glue\win\catview.cpp">
      <Filter>glue</Filter>
    </ClCompile>
    <ClCompile Include="..\glue\win\winmain.cpp">
      <Filter>glue</Filter>
    </ClCompile>
    <ClCompile Include="..\src\bootapp.cpp">
      <Filter>src</Filter>
    </ClCompile>
    <ClCompile Include="..\src\testpane.cpp">
      <Filter>src</Filter>
    </ClCompile>
  </ItemGroup>
  <ItemGroup>
    <ClInclude Include="..\glue\win\catview.h">
      <Filter>glue</Filter>
    </ClInclude>
    <ClInclude Include="..\src\bootapp.h">
      <Filter>src</Filter>
    </ClInclude>
    <ClInclude Include="..\src\testpane.h">
      <Filter>src</Filter>
    </ClInclude>
  </ItemGroup>
  <ItemGroup>
    <None Include="..\assets\shader\fisheye.shader">
      <Filter>assets\shader</Filter>
    </None>
  </ItemGroup>
  <ItemGroup>
    <Image Include="..\assets\ui\default_ui.png">
      <Filter>assets\ui</Filter>
    </Image>
  </ItemGroup>
</Project>