// !$*UTF8*$!
{
	archiveVersion = 1;
	classes = {
	};
	objectVersion = 48;
	objects = {

/* Begin PBXBuildFile section */
		3E15D8FD1F8A3565004EC94C /* cat_gfx_vbo.h in Headers */ = {isa = PBXBuildFile; fileRef = 3E15D8F31F8A3564004EC94C /* cat_gfx_vbo.h */; };
		3E15D8FE1F8A3565004EC94C /* cat_gfx_ibo.h in Headers */ = {isa = PBXBuildFile; fileRef = 3E15D8F41F8A3564004EC94C /* cat_gfx_ibo.h */; };
		3E15D8FF1F8A3565004EC94C /* cat_util_log.h in Headers */ = {isa = PBXBuildFile; fileRef = 3E15D8F51F8A3565004EC94C /* cat_util_log.h */; };
		3E15D9001F8A3565004EC94C /* cat_gfx_drawablecanvas.h in Headers */ = {isa = PBXBuildFile; fileRef = 3E15D8F61F8A3565004EC94C /* cat_gfx_drawablecanvas.h */; };
		3E15D9011F8A3565004EC94C /* cat_gfx_tex.h in Headers */ = {isa = PBXBuildFile; fileRef = 3E15D8F71F8A3565004EC94C /* cat_gfx_tex.h */; };
		3E15D9021F8A3565004EC94C /* cat_gfx_texref.h in Headers */ = {isa = PBXBuildFile; fileRef = 3E15D8F81F8A3565004EC94C /* cat_gfx_texref.h */; };
		3E15D9031F8A3565004EC94C /* cat_gfx_shader.h in Headers */ = {isa = PBXBuildFile; fileRef = 3E15D8F91F8A3565004EC94C /* cat_gfx_shader.h */; };
		3E15D9041F8A3565004EC94C /* cat_gfx_draw2d.h in Headers */ = {isa = PBXBuildFile; fileRef = 3E15D8FA1F8A3565004EC94C /* cat_gfx_draw2d.h */; };
		3E15D9051F8A3565004EC94C /* cat_gfx_type.h in Headers */ = {isa = PBXBuildFile; fileRef = 3E15D8FB1F8A3565004EC94C /* cat_gfx_type.h */; };
		3E15D9061F8A3565004EC94C /* cat_gfx_drawable.h in Headers */ = {isa = PBXBuildFile; fileRef = 3E15D8FC1F8A3565004EC94C /* cat_gfx_drawable.h */; };
		3E92B6DC1F8B883F00614529 /* cat_gfx_resmgr.h in Headers */ = {isa = PBXBuildFile; fileRef = 3E92B6DB1F8B883F00614529 /* cat_gfx_resmgr.h */; };
		3E92B6DE1F8B886000614529 /* cat_gfx_resmgr.cpp in Sources */ = {isa = PBXBuildFile; fileRef = 3E92B6DD1F8B885F00614529 /* cat_gfx_resmgr.cpp */; };
		3E92B6DF1F8B888F00614529 /* cat_gfx_resmgr.cpp in Sources */ = {isa = PBXBuildFile; fileRef = 3E92B6DD1F8B885F00614529 /* cat_gfx_resmgr.cpp */; };
		3E92B6E01F8B889C00614529 /* cat_gfx_resmgr.h in Headers */ = {isa = PBXBuildFile; fileRef = 3E92B6DB1F8B883F00614529 /* cat_gfx_resmgr.h */; };
		3E9EB4551FB726EF00BFF6DD /* cat_net_service.cpp in Sources */ = {isa = PBXBuildFile; fileRef = 3E9EB4521FB726EE00BFF6DD /* cat_net_service.cpp */; };
		3E9EB4561FB726EF00BFF6DD /* cat_net_http.cpp in Sources */ = {isa = PBXBuildFile; fileRef = 3E9EB4531FB726EE00BFF6DD /* cat_net_http.cpp */; };
		3E9EB4571FB726EF00BFF6DD /* cat_util_string.cpp in Sources */ = {isa = PBXBuildFile; fileRef = 3E9EB4541FB726EE00BFF6DD /* cat_util_string.cpp */; };
		3E9EB4581FB726F300BFF6DD /* cat_util_string.cpp in Sources */ = {isa = PBXBuildFile; fileRef = 3E9EB4541FB726EE00BFF6DD /* cat_util_string.cpp */; };
		3E9EB45E1FB7271900BFF6DD /* cat_util_string.h in Headers */ = {isa = PBXBuildFile; fileRef = 3E9EB45A1FB7271900BFF6DD /* cat_util_string.h */; };
		3E9EB45F1FB7271900BFF6DD /* cat_net_http.h in Headers */ = {isa = PBXBuildFile; fileRef = 3E9EB45B1FB7271900BFF6DD /* cat_net_http.h */; };
		3E9EB4601FB7271900BFF6DD /* cat_data_uniqueid.h in Headers */ = {isa = PBXBuildFile; fileRef = 3E9EB45C1FB7271900BFF6DD /* cat_data_uniqueid.h */; };
		3E9EB4611FB7271900BFF6DD /* cat_net_service.h in Headers */ = {isa = PBXBuildFile; fileRef = 3E9EB45D1FB7271900BFF6DD /* cat_net_service.h */; };
		3E9EB4621FB762F300BFF6DD /* cat_net_http.cpp in Sources */ = {isa = PBXBuildFile; fileRef = 3E9EB4531FB726EE00BFF6DD /* cat_net_http.cpp */; };
		3E9EB4631FB762F300BFF6DD /* cat_net_service.cpp in Sources */ = {isa = PBXBuildFile; fileRef = 3E9EB4521FB726EE00BFF6DD /* cat_net_service.cpp */; };
		3E9EB4641FB7630D00BFF6DD /* cat_net_http.h in Headers */ = {isa = PBXBuildFile; fileRef = 3E9EB45B1FB7271900BFF6DD /* cat_net_http.h */; };
		3E9EB4651FB7630D00BFF6DD /* cat_net_service.h in Headers */ = {isa = PBXBuildFile; fileRef = 3E9EB45D1FB7271900BFF6DD /* cat_net_service.h */; };
		3E9EB4661FB7630D00BFF6DD /* cat_util_string.h in Headers */ = {isa = PBXBuildFile; fileRef = 3E9EB45A1FB7271900BFF6DD /* cat_util_string.h */; };
		3E9EB4671FB7630D00BFF6DD /* cat_data_uniqueid.h in Headers */ = {isa = PBXBuildFile; fileRef = 3E9EB45C1FB7271900BFF6DD /* cat_data_uniqueid.h */; };
		3EAED9671F8FCF1B00E0B461 /* cat_util_jni.h in Headers */ = {isa = PBXBuildFile; fileRef = 3EAED9661F8FCF1B00E0B461 /* cat_util_jni.h */; };
		3EAED96A1F8FCF2600E0B461 /* cat_util_log.cpp in Sources */ = {isa = PBXBuildFile; fileRef = 3EAED9681F8FCF2600E0B461 /* cat_util_log.cpp */; };
		3EAED96B1F8FCF2600E0B461 /* cat_util_jni.cpp in Sources */ = {isa = PBXBuildFile; fileRef = 3EAED9691F8FCF2600E0B461 /* cat_util_jni.cpp */; };
		3EAED96E1F8FCF3600E0B461 /* cat_storage_driver_file.cpp in Sources */ = {isa = PBXBuildFile; fileRef = 3EAED96C1F8FCF3600E0B461 /* cat_storage_driver_file.cpp */; };
		3EAED96F1F8FCF3600E0B461 /* cat_storage_driver_asset.cpp in Sources */ = {isa = PBXBuildFile; fileRef = 3EAED96D1F8FCF3600E0B461 /* cat_storage_driver_asset.cpp */; };
		3EAED9711F8FCF3C00E0B461 /* cat_storage_driver_asset.h in Headers */ = {isa = PBXBuildFile; fileRef = 3EAED9701F8FCF3C00E0B461 /* cat_storage_driver_asset.h */; };
		3EAED9731F8FCF5500E0B461 /* cat_gfx_drawablecanvas.cpp in Sources */ = {isa = PBXBuildFile; fileRef = 3EAED9721F8FCF5500E0B461 /* cat_gfx_drawablecanvas.cpp */; };
		3EAED9741F8FCF9A00E0B461 /* cat_gfx_drawablecanvas.cpp in Sources */ = {isa = PBXBuildFile; fileRef = 3EAED9721F8FCF5500E0B461 /* cat_gfx_drawablecanvas.cpp */; };
		3EAED9751F8FCF9A00E0B461 /* cat_storage_driver_asset.cpp in Sources */ = {isa = PBXBuildFile; fileRef = 3EAED96D1F8FCF3600E0B461 /* cat_storage_driver_asset.cpp */; };
		3EAED9761F8FCF9A00E0B461 /* cat_storage_driver_file.cpp in Sources */ = {isa = PBXBuildFile; fileRef = 3EAED96C1F8FCF3600E0B461 /* cat_storage_driver_file.cpp */; };
		3EAED9771F8FCF9A00E0B461 /* cat_util_jni.cpp in Sources */ = {isa = PBXBuildFile; fileRef = 3EAED9691F8FCF2600E0B461 /* cat_util_jni.cpp */; };
		3EAED9781F8FCFAE00E0B461 /* cat_util_log.cpp in Sources */ = {isa = PBXBuildFile; fileRef = 3EAED9681F8FCF2600E0B461 /* cat_util_log.cpp */; };
		3EAED9791F8FCFE600E0B461 /* cat_storage_driver_asset.h in Headers */ = {isa = PBXBuildFile; fileRef = 3EAED9701F8FCF3C00E0B461 /* cat_storage_driver_asset.h */; };
		3EAED97A1F8FCFE600E0B461 /* cat_util_jni.h in Headers */ = {isa = PBXBuildFile; fileRef = 3EAED9661F8FCF1B00E0B461 /* cat_util_jni.h */; };
		3EBBA7EF1F8D321A0053D8AE /* cat_ui_handler.h in Headers */ = {isa = PBXBuildFile; fileRef = 3EBBA7E81F8D32190053D8AE /* cat_ui_handler.h */; };
		3EBBA7F01F8D321A0053D8AE /* cat_ui_pane.h in Headers */ = {isa = PBXBuildFile; fileRef = 3EBBA7E91F8D321A0053D8AE /* cat_ui_pane.h */; };
		3EBBA7F11F8D321A0053D8AE /* cat_ui_widget.h in Headers */ = {isa = PBXBuildFile; fileRef = 3EBBA7EA1F8D321A0053D8AE /* cat_ui_widget.h */; };
		3EBBA7F21F8D321A0053D8AE /* cat_ui_slider.h in Headers */ = {isa = PBXBuildFile; fileRef = 3EBBA7EB1F8D321A0053D8AE /* cat_ui_slider.h */; };
		3EBBA7F31F8D321A0053D8AE /* cat_ui_label.h in Headers */ = {isa = PBXBuildFile; fileRef = 3EBBA7EC1F8D321A0053D8AE /* cat_ui_label.h */; };
		3EBBA7F41F8D321A0053D8AE /* cat_ui_button.h in Headers */ = {isa = PBXBuildFile; fileRef = 3EBBA7ED1F8D321A0053D8AE /* cat_ui_button.h */; };
		3EBBA7F51F8D321A0053D8AE /* cat_ui_service.h in Headers */ = {isa = PBXBuildFile; fileRef = 3EBBA7EE1F8D321A0053D8AE /* cat_ui_service.h */; };
		3EBBA7FC1F8D32230053D8AE /* cat_ui_slider.cpp in Sources */ = {isa = PBXBuildFile; fileRef = 3EBBA7F61F8D32220053D8AE /* cat_ui_slider.cpp */; };
		3EBBA7FD1F8D32230053D8AE /* cat_ui_label.cpp in Sources */ = {isa = PBXBuildFile; fileRef = 3EBBA7F71F8D32230053D8AE /* cat_ui_label.cpp */; };
		3EBBA7FE1F8D32230053D8AE /* cat_ui_service.cpp in Sources */ = {isa = PBXBuildFile; fileRef = 3EBBA7F81F8D32230053D8AE /* cat_ui_service.cpp */; };
		3EBBA7FF1F8D32230053D8AE /* cat_ui_button.cpp in Sources */ = {isa = PBXBuildFile; fileRef = 3EBBA7F91F8D32230053D8AE /* cat_ui_button.cpp */; };
		3EBBA8001F8D32230053D8AE /* cat_ui_pane.cpp in Sources */ = {isa = PBXBuildFile; fileRef = 3EBBA7FA1F8D32230053D8AE /* cat_ui_pane.cpp */; };
		3EBBA8011F8D32230053D8AE /* cat_ui_widget.cpp in Sources */ = {isa = PBXBuildFile; fileRef = 3EBBA7FB1F8D32230053D8AE /* cat_ui_widget.cpp */; };
		3EBBA8021F8D32A60053D8AE /* cat_ui_service.cpp in Sources */ = {isa = PBXBuildFile; fileRef = 3EBBA7F81F8D32230053D8AE /* cat_ui_service.cpp */; };
		3EBBA8031F8D32A60053D8AE /* cat_ui_button.cpp in Sources */ = {isa = PBXBuildFile; fileRef = 3EBBA7F91F8D32230053D8AE /* cat_ui_button.cpp */; };
		3EBBA8041F8D32A60053D8AE /* cat_ui_label.cpp in Sources */ = {isa = PBXBuildFile; fileRef = 3EBBA7F71F8D32230053D8AE /* cat_ui_label.cpp */; };
		3EBBA8051F8D32A60053D8AE /* cat_ui_pane.cpp in Sources */ = {isa = PBXBuildFile; fileRef = 3EBBA7FA1F8D32230053D8AE /* cat_ui_pane.cpp */; };
		3EBBA8061F8D32A60053D8AE /* cat_ui_slider.cpp in Sources */ = {isa = PBXBuildFile; fileRef = 3EBBA7F61F8D32220053D8AE /* cat_ui_slider.cpp */; };
		3EBBA8071F8D32A60053D8AE /* cat_ui_widget.cpp in Sources */ = {isa = PBXBuildFile; fileRef = 3EBBA7FB1F8D32230053D8AE /* cat_ui_widget.cpp */; };
		3EBBA8081F8D32BC0053D8AE /* cat_ui_service.h in Headers */ = {isa = PBXBuildFile; fileRef = 3EBBA7EE1F8D321A0053D8AE /* cat_ui_service.h */; };
		3EBBA8091F8D32BC0053D8AE /* cat_ui_handler.h in Headers */ = {isa = PBXBuildFile; fileRef = 3EBBA7E81F8D32190053D8AE /* cat_ui_handler.h */; };
		3EBBA80A1F8D32BC0053D8AE /* cat_ui_button.h in Headers */ = {isa = PBXBuildFile; fileRef = 3EBBA7ED1F8D321A0053D8AE /* cat_ui_button.h */; };
		3EBBA80B1F8D32BC0053D8AE /* cat_ui_label.h in Headers */ = {isa = PBXBuildFile; fileRef = 3EBBA7EC1F8D321A0053D8AE /* cat_ui_label.h */; };
		3EBBA80C1F8D32BC0053D8AE /* cat_ui_pane.h in Headers */ = {isa = PBXBuildFile; fileRef = 3EBBA7E91F8D321A0053D8AE /* cat_ui_pane.h */; };
		3EBBA80D1F8D32BD0053D8AE /* cat_ui_slider.h in Headers */ = {isa = PBXBuildFile; fileRef = 3EBBA7EB1F8D321A0053D8AE /* cat_ui_slider.h */; };
		3EBBA80E1F8D32BD0053D8AE /* cat_ui_widget.h in Headers */ = {isa = PBXBuildFile; fileRef = 3EBBA7EA1F8D321A0053D8AE /* cat_ui_widget.h */; };
		3ECE1B021F8A391C009D9088 /* cat_gfx_renderer.cpp in Sources */ = {isa = PBXBuildFile; fileRef = 3ECE1B011F8A3895009D9088 /* cat_gfx_renderer.cpp */; };
		3ECE1B031F8A391C009D9088 /* cat_gfx_ibo.cpp in Sources */ = {isa = PBXBuildFile; fileRef = 3E8D7D401F8A36BF00F91EDF /* cat_gfx_ibo.cpp */; };
		3ECE1B041F8A391C009D9088 /* cat_gfx_vbo.cpp in Sources */ = {isa = PBXBuildFile; fileRef = 3E8D7D411F8A36BF00F91EDF /* cat_gfx_vbo.cpp */; };
		3ECE1B051F8A391C009D9088 /* cat_gfx_tex.cpp in Sources */ = {isa = PBXBuildFile; fileRef = 3E8D7D421F8A36C000F91EDF /* cat_gfx_tex.cpp */; };
		3ECE1B061F8A391C009D9088 /* cat_gfx_shader.cpp in Sources */ = {isa = PBXBuildFile; fileRef = 3E8D7D431F8A36C000F91EDF /* cat_gfx_shader.cpp */; };
		3ECE1B071F8A391C009D9088 /* cat_gfx_drawable.cpp in Sources */ = {isa = PBXBuildFile; fileRef = 3E8D7D461F8A36C000F91EDF /* cat_gfx_drawable.cpp */; };
		3ECE1B081F8A391C009D9088 /* cat_gfx_draw2d.cpp in Sources */ = {isa = PBXBuildFile; fileRef = 3E8D7D451F8A36C000F91EDF /* cat_gfx_draw2d.cpp */; };
		3ECE1B091F8A391C009D9088 /* cat_gfx_draw2d_shaders.cpp in Sources */ = {isa = PBXBuildFile; fileRef = 3E8D7D441F8A36C000F91EDF /* cat_gfx_draw2d_shaders.cpp */; };
		3ED3FD841F8A3F8B007BE517 /* cat_gfx_renderer.cpp in Sources */ = {isa = PBXBuildFile; fileRef = 3ECE1B011F8A3895009D9088 /* cat_gfx_renderer.cpp */; };
		3ED3FD851F8A3F8B007BE517 /* cat_gfx_ibo.cpp in Sources */ = {isa = PBXBuildFile; fileRef = 3E8D7D401F8A36BF00F91EDF /* cat_gfx_ibo.cpp */; };
		3ED3FD861F8A3F8B007BE517 /* cat_gfx_vbo.cpp in Sources */ = {isa = PBXBuildFile; fileRef = 3E8D7D411F8A36BF00F91EDF /* cat_gfx_vbo.cpp */; };
		3ED3FD871F8A3F8B007BE517 /* cat_gfx_tex.cpp in Sources */ = {isa = PBXBuildFile; fileRef = 3E8D7D421F8A36C000F91EDF /* cat_gfx_tex.cpp */; };
		3ED3FD881F8A3F8B007BE517 /* cat_gfx_shader.cpp in Sources */ = {isa = PBXBuildFile; fileRef = 3E8D7D431F8A36C000F91EDF /* cat_gfx_shader.cpp */; };
		3ED3FD891F8A3F8B007BE517 /* cat_gfx_drawable.cpp in Sources */ = {isa = PBXBuildFile; fileRef = 3E8D7D461F8A36C000F91EDF /* cat_gfx_drawable.cpp */; };
		3ED3FD8A1F8A3F8B007BE517 /* cat_gfx_draw2d.cpp in Sources */ = {isa = PBXBuildFile; fileRef = 3E8D7D451F8A36C000F91EDF /* cat_gfx_draw2d.cpp */; };
		3ED3FD8B1F8A3F8B007BE517 /* cat_gfx_draw2d_shaders.cpp in Sources */ = {isa = PBXBuildFile; fileRef = 3E8D7D441F8A36C000F91EDF /* cat_gfx_draw2d_shaders.cpp */; };
		3ED3FD8F1F8A3FC6007BE517 /* cat_gfx_type.h in Headers */ = {isa = PBXBuildFile; fileRef = 3E15D8FB1F8A3565004EC94C /* cat_gfx_type.h */; };
		3ED3FD901F8A3FC6007BE517 /* cat_gfx_ibo.h in Headers */ = {isa = PBXBuildFile; fileRef = 3E15D8F41F8A3564004EC94C /* cat_gfx_ibo.h */; };
		3ED3FD911F8A3FC6007BE517 /* cat_gfx_vbo.h in Headers */ = {isa = PBXBuildFile; fileRef = 3E15D8F31F8A3564004EC94C /* cat_gfx_vbo.h */; };
		3ED3FD921F8A3FC6007BE517 /* cat_gfx_tex.h in Headers */ = {isa = PBXBuildFile; fileRef = 3E15D8F71F8A3565004EC94C /* cat_gfx_tex.h */; };
		3ED3FD931F8A3FC6007BE517 /* cat_gfx_texref.h in Headers */ = {isa = PBXBuildFile; fileRef = 3E15D8F81F8A3565004EC94C /* cat_gfx_texref.h */; };
		3ED3FD941F8A3FC6007BE517 /* cat_gfx_shader.h in Headers */ = {isa = PBXBuildFile; fileRef = 3E15D8F91F8A3565004EC94C /* cat_gfx_shader.h */; };
		3ED3FD951F8A3FC6007BE517 /* cat_gfx_drawablecanvas.h in Headers */ = {isa = PBXBuildFile; fileRef = 3E15D8F61F8A3565004EC94C /* cat_gfx_drawablecanvas.h */; };
		3ED3FD961F8A3FC6007BE517 /* cat_gfx_drawable.h in Headers */ = {isa = PBXBuildFile; fileRef = 3E15D8FC1F8A3565004EC94C /* cat_gfx_drawable.h */; };
		3ED3FD971F8A3FC6007BE517 /* cat_gfx_draw2d.h in Headers */ = {isa = PBXBuildFile; fileRef = 3E15D8FA1F8A3565004EC94C /* cat_gfx_draw2d.h */; };
		3ED3FD981F8A4017007BE517 /* cat_util_log.h in Headers */ = {isa = PBXBuildFile; fileRef = 3E15D8F51F8A3565004EC94C /* cat_util_log.h */; };
		3ED4FE961F89EB8900D299B6 /* cat_gfx_renderer.h in Headers */ = {isa = PBXBuildFile; fileRef = 3ED4FE8F1F89EB8800D299B6 /* cat_gfx_renderer.h */; };
		3ED4FE981F89EB8900D299B6 /* cat_type.h in Headers */ = {isa = PBXBuildFile; fileRef = 3ED4FE911F89EB8800D299B6 /* cat_type.h */; };
		3ED4FE9A1F89EB8900D299B6 /* cat_kernel.h in Headers */ = {isa = PBXBuildFile; fileRef = 3ED4FE931F89EB8800D299B6 /* cat_kernel.h */; };
		3ED4FE9B1F89EB8900D299B6 /* cat_platform.h in Headers */ = {isa = PBXBuildFile; fileRef = 3ED4FE941F89EB8800D299B6 /* cat_platform.h */; };
		3ED4FE9C1F89EB8900D299B6 /* libcat.h in Headers */ = {isa = PBXBuildFile; fileRef = 3ED4FE951F89EB8800D299B6 /* libcat.h */; };
		3ED4FEA01F89EB9100D299B6 /* cat_kernel.cpp in Sources */ = {isa = PBXBuildFile; fileRef = 3ED4FE9E1F89EB9100D299B6 /* cat_kernel.cpp */; };
		3ED4FEA21F89EC8700D299B6 /* cat_kernel.cpp in Sources */ = {isa = PBXBuildFile; fileRef = 3ED4FE9E1F89EB9100D299B6 /* cat_kernel.cpp */; };
		3ED4FEA51F89EC9600D299B6 /* cat_type.h in Headers */ = {isa = PBXBuildFile; fileRef = 3ED4FE911F89EB8800D299B6 /* cat_type.h */; };
		3ED4FEA61F89EC9600D299B6 /* cat_platform.h in Headers */ = {isa = PBXBuildFile; fileRef = 3ED4FE941F89EB8800D299B6 /* cat_platform.h */; };
		3ED4FEA81F89EC9600D299B6 /* cat_kernel.h in Headers */ = {isa = PBXBuildFile; fileRef = 3ED4FE931F89EB8800D299B6 /* cat_kernel.h */; };
		3ED4FEA91F89EC9600D299B6 /* cat_gfx_renderer.h in Headers */ = {isa = PBXBuildFile; fileRef = 3ED4FE8F1F89EB8800D299B6 /* cat_gfx_renderer.h */; };
		3ED4FEAA1F89ECBC00D299B6 /* libcat.h in Headers */ = {isa = PBXBuildFile; fileRef = 3ED4FE951F89EB8800D299B6 /* libcat.h */; };
		3EEB67B51F8FD0E90009C6FC /* cat_ui_edit.h in Headers */ = {isa = PBXBuildFile; fileRef = 3EEB67B41F8FD0D30009C6FC /* cat_ui_edit.h */; };
		3EEB67B61F8FD0F70009C6FC /* cat_ui_edit.h in Headers */ = {isa = PBXBuildFile; fileRef = 3EEB67B41F8FD0D30009C6FC /* cat_ui_edit.h */; };
		3EEB67B81F8FD1110009C6FC /* cat_ui_edit.cpp in Sources */ = {isa = PBXBuildFile; fileRef = 3EEB67B71F8FD1110009C6FC /* cat_ui_edit.cpp */; };
		3EEB67B91F8FD1110009C6FC /* cat_ui_edit.cpp in Sources */ = {isa = PBXBuildFile; fileRef = 3EEB67B71F8FD1110009C6FC /* cat_ui_edit.cpp */; };
		3EEE397C1F8CC01700DF9B90 /* cat_time_service.cpp in Sources */ = {isa = PBXBuildFile; fileRef = 3EEE39781F8CBB9B00DF9B90 /* cat_time_service.cpp */; };
		3EEE397D1F8CC02300DF9B90 /* cat_time_service.cpp in Sources */ = {isa = PBXBuildFile; fileRef = 3EEE39781F8CBB9B00DF9B90 /* cat_time_service.cpp */; };
		3EEE397E1F8CC03600DF9B90 /* cat_time_type.h in Headers */ = {isa = PBXBuildFile; fileRef = 3EEE39791F8CBC3200DF9B90 /* cat_time_type.h */; };
		3EEE397F1F8CC03600DF9B90 /* cat_time_queue.h in Headers */ = {isa = PBXBuildFile; fileRef = 3EEE39761F8CB92C00DF9B90 /* cat_time_queue.h */; };
		3EEE39801F8CC03600DF9B90 /* cat_time_service.h in Headers */ = {isa = PBXBuildFile; fileRef = 3EEE39771F8CBB8400DF9B90 /* cat_time_service.h */; };
		3EEE39811F8CC04400DF9B90 /* cat_time_type.h in Headers */ = {isa = PBXBuildFile; fileRef = 3EEE39791F8CBC3200DF9B90 /* cat_time_type.h */; };
		3EEE39821F8CC04400DF9B90 /* cat_time_queue.h in Headers */ = {isa = PBXBuildFile; fileRef = 3EEE39761F8CB92C00DF9B90 /* cat_time_queue.h */; };
		3EEE39831F8CC04400DF9B90 /* cat_time_service.h in Headers */ = {isa = PBXBuildFile; fileRef = 3EEE39771F8CBB8400DF9B90 /* cat_time_service.h */; };
		3EEE39841F8CC05500DF9B90 /* cat_kernel_api.h in Headers */ = {isa = PBXBuildFile; fileRef = 3EEE397A1F8CBEB200DF9B90 /* cat_kernel_api.h */; };
		3EEE39851F8CC05500DF9B90 /* cat_application.h in Headers */ = {isa = PBXBuildFile; fileRef = 3EEE397B1F8CBFBD00DF9B90 /* cat_application.h */; };
		3EEE39861F8CC06000DF9B90 /* cat_kernel_api.h in Headers */ = {isa = PBXBuildFile; fileRef = 3EEE397A1F8CBEB200DF9B90 /* cat_kernel_api.h */; };
		3EEE39871F8CC06000DF9B90 /* cat_application.h in Headers */ = {isa = PBXBuildFile; fileRef = 3EEE397B1F8CBFBD00DF9B90 /* cat_application.h */; };
		3EF9A0E11F8A6867008C00C0 /* cat_storage_driver_file.h in Headers */ = {isa = PBXBuildFile; fileRef = 3EF9A0DD1F8A6867008C00C0 /* cat_storage_driver_file.h */; };
		3EF9A0E21F8A6867008C00C0 /* cat_storage_driver.h in Headers */ = {isa = PBXBuildFile; fileRef = 3EF9A0DE1F8A6867008C00C0 /* cat_storage_driver.h */; };
		3EF9A0E31F8A6867008C00C0 /* cat_data_buffer.h in Headers */ = {isa = PBXBuildFile; fileRef = 3EF9A0DF1F8A6867008C00C0 /* cat_data_buffer.h */; };
		3EF9A0E41F8A6867008C00C0 /* cat_storage_vfs.h in Headers */ = {isa = PBXBuildFile; fileRef = 3EF9A0E01F8A6867008C00C0 /* cat_storage_vfs.h */; };
		3EF9A0EE1F8A68C1008C00C0 /* cat_storage_vfs.cpp in Sources */ = {isa = PBXBuildFile; fileRef = 3EF9A0EC1F8A68C1008C00C0 /* cat_storage_vfs.cpp */; };
		3EF9A0EF1F8A68C1008C00C0 /* cat_data_buffer.cpp in Sources */ = {isa = PBXBuildFile; fileRef = 3EF9A0ED1F8A68C1008C00C0 /* cat_data_buffer.cpp */; };
		3EF9A0F91F8A693C008C00C0 /* cat_data_buffer.cpp in Sources */ = {isa = PBXBuildFile; fileRef = 3EF9A0ED1F8A68C1008C00C0 /* cat_data_buffer.cpp */; };
		3EF9A0FA1F8A693C008C00C0 /* cat_storage_vfs.cpp in Sources */ = {isa = PBXBuildFile; fileRef = 3EF9A0EC1F8A68C1008C00C0 /* cat_storage_vfs.cpp */; };
		3EF9A0FB1F8A695D008C00C0 /* cat_data_buffer.h in Headers */ = {isa = PBXBuildFile; fileRef = 3EF9A0DF1F8A6867008C00C0 /* cat_data_buffer.h */; };
		3EF9A0FC1F8A695D008C00C0 /* cat_storage_driver.h in Headers */ = {isa = PBXBuildFile; fileRef = 3EF9A0DE1F8A6867008C00C0 /* cat_storage_driver.h */; };
		3EF9A0FD1F8A695D008C00C0 /* cat_storage_driver_file.h in Headers */ = {isa = PBXBuildFile; fileRef = 3EF9A0DD1F8A6867008C00C0 /* cat_storage_driver_file.h */; };
		3EF9A0FE1F8A695D008C00C0 /* cat_storage_vfs.h in Headers */ = {isa = PBXBuildFile; fileRef = 3EF9A0E01F8A6867008C00C0 /* cat_storage_vfs.h */; };
/* End PBXBuildFile section */

/* Begin PBXFileReference section */
		3E15D8F31F8A3564004EC94C /* cat_gfx_vbo.h */ = {isa = PBXFileReference; fileEncoding = 4; lastKnownFileType = sourcecode.c.h; name = cat_gfx_vbo.h; path = ../include/cat_gfx_vbo.h; sourceTree = "<group>"; };
		3E15D8F41F8A3564004EC94C /* cat_gfx_ibo.h */ = {isa = PBXFileReference; fileEncoding = 4; lastKnownFileType = sourcecode.c.h; name = cat_gfx_ibo.h; path = ../include/cat_gfx_ibo.h; sourceTree = "<group>"; };
		3E15D8F51F8A3565004EC94C /* cat_util_log.h */ = {isa = PBXFileReference; fileEncoding = 4; lastKnownFileType = sourcecode.c.h; name = cat_util_log.h; path = ../include/cat_util_log.h; sourceTree = "<group>"; };
		3E15D8F61F8A3565004EC94C /* cat_gfx_drawablecanvas.h */ = {isa = PBXFileReference; fileEncoding = 4; lastKnownFileType = sourcecode.c.h; name = cat_gfx_drawablecanvas.h; path = ../include/cat_gfx_drawablecanvas.h; sourceTree = "<group>"; };
		3E15D8F71F8A3565004EC94C /* cat_gfx_tex.h */ = {isa = PBXFileReference; fileEncoding = 4; lastKnownFileType = sourcecode.c.h; name = cat_gfx_tex.h; path = ../include/cat_gfx_tex.h; sourceTree = "<group>"; };
		3E15D8F81F8A3565004EC94C /* cat_gfx_texref.h */ = {isa = PBXFileReference; fileEncoding = 4; lastKnownFileType = sourcecode.c.h; name = cat_gfx_texref.h; path = ../include/cat_gfx_texref.h; sourceTree = "<group>"; };
		3E15D8F91F8A3565004EC94C /* cat_gfx_shader.h */ = {isa = PBXFileReference; fileEncoding = 4; lastKnownFileType = sourcecode.c.h; name = cat_gfx_shader.h; path = ../include/cat_gfx_shader.h; sourceTree = "<group>"; };
		3E15D8FA1F8A3565004EC94C /* cat_gfx_draw2d.h */ = {isa = PBXFileReference; fileEncoding = 4; lastKnownFileType = sourcecode.c.h; name = cat_gfx_draw2d.h; path = ../include/cat_gfx_draw2d.h; sourceTree = "<group>"; };
		3E15D8FB1F8A3565004EC94C /* cat_gfx_type.h */ = {isa = PBXFileReference; fileEncoding = 4; lastKnownFileType = sourcecode.c.h; name = cat_gfx_type.h; path = ../include/cat_gfx_type.h; sourceTree = "<group>"; };
		3E15D8FC1F8A3565004EC94C /* cat_gfx_drawable.h */ = {isa = PBXFileReference; fileEncoding = 4; lastKnownFileType = sourcecode.c.h; name = cat_gfx_drawable.h; path = ../include/cat_gfx_drawable.h; sourceTree = "<group>"; };
		3E8636FC1F77544B00A97811 /* libcat.a */ = {isa = PBXFileReference; explicitFileType = archive.ar; includeInIndex = 0; path = libcat.a; sourceTree = BUILT_PRODUCTS_DIR; };
		3E8D7D401F8A36BF00F91EDF /* cat_gfx_ibo.cpp */ = {isa = PBXFileReference; lastKnownFileType = sourcecode.cpp.cpp; name = cat_gfx_ibo.cpp; path = ../src/cat_gfx_ibo.cpp; sourceTree = "<group>"; };
		3E8D7D411F8A36BF00F91EDF /* cat_gfx_vbo.cpp */ = {isa = PBXFileReference; lastKnownFileType = sourcecode.cpp.cpp; name = cat_gfx_vbo.cpp; path = ../src/cat_gfx_vbo.cpp; sourceTree = "<group>"; };
		3E8D7D421F8A36C000F91EDF /* cat_gfx_tex.cpp */ = {isa = PBXFileReference; lastKnownFileType = sourcecode.cpp.cpp; name = cat_gfx_tex.cpp; path = ../src/cat_gfx_tex.cpp; sourceTree = "<group>"; };
		3E8D7D431F8A36C000F91EDF /* cat_gfx_shader.cpp */ = {isa = PBXFileReference; lastKnownFileType = sourcecode.cpp.cpp; name = cat_gfx_shader.cpp; path = ../src/cat_gfx_shader.cpp; sourceTree = "<group>"; };
		3E8D7D441F8A36C000F91EDF /* cat_gfx_draw2d_shaders.cpp */ = {isa = PBXFileReference; lastKnownFileType = sourcecode.cpp.cpp; name = cat_gfx_draw2d_shaders.cpp; path = ../src/cat_gfx_draw2d_shaders.cpp; sourceTree = "<group>"; };
		3E8D7D451F8A36C000F91EDF /* cat_gfx_draw2d.cpp */ = {isa = PBXFileReference; lastKnownFileType = sourcecode.cpp.cpp; name = cat_gfx_draw2d.cpp; path = ../src/cat_gfx_draw2d.cpp; sourceTree = "<group>"; };
		3E8D7D461F8A36C000F91EDF /* cat_gfx_drawable.cpp */ = {isa = PBXFileReference; lastKnownFileType = sourcecode.cpp.cpp; name = cat_gfx_drawable.cpp; path = ../src/cat_gfx_drawable.cpp; sourceTree = "<group>"; };
		3E92B6DB1F8B883F00614529 /* cat_gfx_resmgr.h */ = {isa = PBXFileReference; fileEncoding = 4; lastKnownFileType = sourcecode.c.h; name = cat_gfx_resmgr.h; path = ../include/cat_gfx_resmgr.h; sourceTree = "<group>"; };
		3E92B6DD1F8B885F00614529 /* cat_gfx_resmgr.cpp */ = {isa = PBXFileReference; fileEncoding = 4; lastKnownFileType = sourcecode.cpp.cpp; name = cat_gfx_resmgr.cpp; path = ../src/cat_gfx_resmgr.cpp; sourceTree = "<group>"; };
		3E9EB4521FB726EE00BFF6DD /* cat_net_service.cpp */ = {isa = PBXFileReference; fileEncoding = 4; lastKnownFileType = sourcecode.cpp.cpp; name = cat_net_service.cpp; path = ../src/cat_net_service.cpp; sourceTree = "<group>"; };
		3E9EB4531FB726EE00BFF6DD /* cat_net_http.cpp */ = {isa = PBXFileReference; explicitFileType = sourcecode.cpp.objcpp; fileEncoding = 4; name = cat_net_http.cpp; path = ../src/cat_net_http.cpp; sourceTree = "<group>"; };
		3E9EB4541FB726EE00BFF6DD /* cat_util_string.cpp */ = {isa = PBXFileReference; fileEncoding = 4; lastKnownFileType = sourcecode.cpp.cpp; name = cat_util_string.cpp; path = ../src/cat_util_string.cpp; sourceTree = "<group>"; };
		3E9EB45A1FB7271900BFF6DD /* cat_util_string.h */ = {isa = PBXFileReference; fileEncoding = 4; lastKnownFileType = sourcecode.c.h; name = cat_util_string.h; path = ../include/cat_util_string.h; sourceTree = "<group>"; };
		3E9EB45B1FB7271900BFF6DD /* cat_net_http.h */ = {isa = PBXFileReference; fileEncoding = 4; lastKnownFileType = sourcecode.c.h; name = cat_net_http.h; path = ../include/cat_net_http.h; sourceTree = "<group>"; };
		3E9EB45C1FB7271900BFF6DD /* cat_data_uniqueid.h */ = {isa = PBXFileReference; fileEncoding = 4; lastKnownFileType = sourcecode.c.h; name = cat_data_uniqueid.h; path = ../include/cat_data_uniqueid.h; sourceTree = "<group>"; };
		3E9EB45D1FB7271900BFF6DD /* cat_net_service.h */ = {isa = PBXFileReference; fileEncoding = 4; lastKnownFileType = sourcecode.c.h; name = cat_net_service.h; path = ../include/cat_net_service.h; sourceTree = "<group>"; };
		3EAED9661F8FCF1B00E0B461 /* cat_util_jni.h */ = {isa = PBXFileReference; fileEncoding = 4; lastKnownFileType = sourcecode.c.h; name = cat_util_jni.h; path = ../include/cat_util_jni.h; sourceTree = "<group>"; };
		3EAED9681F8FCF2600E0B461 /* cat_util_log.cpp */ = {isa = PBXFileReference; fileEncoding = 4; lastKnownFileType = sourcecode.cpp.cpp; name = cat_util_log.cpp; path = ../src/cat_util_log.cpp; sourceTree = "<group>"; };
		3EAED9691F8FCF2600E0B461 /* cat_util_jni.cpp */ = {isa = PBXFileReference; fileEncoding = 4; lastKnownFileType = sourcecode.cpp.cpp; name = cat_util_jni.cpp; path = ../src/cat_util_jni.cpp; sourceTree = "<group>"; };
		3EAED96C1F8FCF3600E0B461 /* cat_storage_driver_file.cpp */ = {isa = PBXFileReference; fileEncoding = 4; lastKnownFileType = sourcecode.cpp.cpp; name = cat_storage_driver_file.cpp; path = ../src/cat_storage_driver_file.cpp; sourceTree = "<group>"; };
		3EAED96D1F8FCF3600E0B461 /* cat_storage_driver_asset.cpp */ = {isa = PBXFileReference; fileEncoding = 4; lastKnownFileType = sourcecode.cpp.cpp; name = cat_storage_driver_asset.cpp; path = ../src/cat_storage_driver_asset.cpp; sourceTree = "<group>"; };
		3EAED9701F8FCF3C00E0B461 /* cat_storage_driver_asset.h */ = {isa = PBXFileReference; fileEncoding = 4; lastKnownFileType = sourcecode.c.h; name = cat_storage_driver_asset.h; path = ../include/cat_storage_driver_asset.h; sourceTree = "<group>"; };
		3EAED9721F8FCF5500E0B461 /* cat_gfx_drawablecanvas.cpp */ = {isa = PBXFileReference; fileEncoding = 4; lastKnownFileType = sourcecode.cpp.cpp; name = cat_gfx_drawablecanvas.cpp; path = ../src/cat_gfx_drawablecanvas.cpp; sourceTree = "<group>"; };
		3EBBA7E81F8D32190053D8AE /* cat_ui_handler.h */ = {isa = PBXFileReference; fileEncoding = 4; lastKnownFileType = sourcecode.c.h; name = cat_ui_handler.h; path = ../include/cat_ui_handler.h; sourceTree = "<group>"; };
		3EBBA7E91F8D321A0053D8AE /* cat_ui_pane.h */ = {isa = PBXFileReference; fileEncoding = 4; lastKnownFileType = sourcecode.c.h; name = cat_ui_pane.h; path = ../include/cat_ui_pane.h; sourceTree = "<group>"; };
		3EBBA7EA1F8D321A0053D8AE /* cat_ui_widget.h */ = {isa = PBXFileReference; fileEncoding = 4; lastKnownFileType = sourcecode.c.h; name = cat_ui_widget.h; path = ../include/cat_ui_widget.h; sourceTree = "<group>"; };
		3EBBA7EB1F8D321A0053D8AE /* cat_ui_slider.h */ = {isa = PBXFileReference; fileEncoding = 4; lastKnownFileType = sourcecode.c.h; name = cat_ui_slider.h; path = ../include/cat_ui_slider.h; sourceTree = "<group>"; };
		3EBBA7EC1F8D321A0053D8AE /* cat_ui_label.h */ = {isa = PBXFileReference; fileEncoding = 4; lastKnownFileType = sourcecode.c.h; name = cat_ui_label.h; path = ../include/cat_ui_label.h; sourceTree = "<group>"; };
		3EBBA7ED1F8D321A0053D8AE /* cat_ui_button.h */ = {isa = PBXFileReference; fileEncoding = 4; lastKnownFileType = sourcecode.c.h; name = cat_ui_button.h; path = ../include/cat_ui_button.h; sourceTree = "<group>"; };
		3EBBA7EE1F8D321A0053D8AE /* cat_ui_service.h */ = {isa = PBXFileReference; fileEncoding = 4; lastKnownFileType = sourcecode.c.h; name = cat_ui_service.h; path = ../include/cat_ui_service.h; sourceTree = "<group>"; };
		3EBBA7F61F8D32220053D8AE /* cat_ui_slider.cpp */ = {isa = PBXFileReference; fileEncoding = 4; lastKnownFileType = sourcecode.cpp.cpp; name = cat_ui_slider.cpp; path = ../src/cat_ui_slider.cpp; sourceTree = "<group>"; };
		3EBBA7F71F8D32230053D8AE /* cat_ui_label.cpp */ = {isa = PBXFileReference; fileEncoding = 4; lastKnownFileType = sourcecode.cpp.cpp; name = cat_ui_label.cpp; path = ../src/cat_ui_label.cpp; sourceTree = "<group>"; };
		3EBBA7F81F8D32230053D8AE /* cat_ui_service.cpp */ = {isa = PBXFileReference; fileEncoding = 4; lastKnownFileType = sourcecode.cpp.cpp; name = cat_ui_service.cpp; path = ../src/cat_ui_service.cpp; sourceTree = "<group>"; };
		3EBBA7F91F8D32230053D8AE /* cat_ui_button.cpp */ = {isa = PBXFileReference; fileEncoding = 4; lastKnownFileType = sourcecode.cpp.cpp; name = cat_ui_button.cpp; path = ../src/cat_ui_button.cpp; sourceTree = "<group>"; };
		3EBBA7FA1F8D32230053D8AE /* cat_ui_pane.cpp */ = {isa = PBXFileReference; fileEncoding = 4; lastKnownFileType = sourcecode.cpp.cpp; name = cat_ui_pane.cpp; path = ../src/cat_ui_pane.cpp; sourceTree = "<group>"; };
		3EBBA7FB1F8D32230053D8AE /* cat_ui_widget.cpp */ = {isa = PBXFileReference; fileEncoding = 4; lastKnownFileType = sourcecode.cpp.cpp; name = cat_ui_widget.cpp; path = ../src/cat_ui_widget.cpp; sourceTree = "<group>"; };
		3ECE1B011F8A3895009D9088 /* cat_gfx_renderer.cpp */ = {isa = PBXFileReference; lastKnownFileType = sourcecode.cpp.cpp; name = cat_gfx_renderer.cpp; path = ../src/cat_gfx_renderer.cpp; sourceTree = "<group>"; };
		3ECE605E1F7671CB007C3766 /* libcat.a */ = {isa = PBXFileReference; explicitFileType = archive.ar; includeInIndex = 0; path = libcat.a; sourceTree = BUILT_PRODUCTS_DIR; };
		3ED4FE8F1F89EB8800D299B6 /* cat_gfx_renderer.h */ = {isa = PBXFileReference; fileEncoding = 4; lastKnownFileType = sourcecode.c.h; name = cat_gfx_renderer.h; path = ../include/cat_gfx_renderer.h; sourceTree = "<group>"; };
		3ED4FE911F89EB8800D299B6 /* cat_type.h */ = {isa = PBXFileReference; fileEncoding = 4; lastKnownFileType = sourcecode.c.h; name = cat_type.h; path = ../include/cat_type.h; sourceTree = "<group>"; };
		3ED4FE931F89EB8800D299B6 /* cat_kernel.h */ = {isa = PBXFileReference; fileEncoding = 4; lastKnownFileType = sourcecode.c.h; name = cat_kernel.h; path = ../include/cat_kernel.h; sourceTree = "<group>"; };
		3ED4FE941F89EB8800D299B6 /* cat_platform.h */ = {isa = PBXFileReference; fileEncoding = 4; lastKnownFileType = sourcecode.c.h; name = cat_platform.h; path = ../include/cat_platform.h; sourceTree = "<group>"; };
		3ED4FE951F89EB8800D299B6 /* libcat.h */ = {isa = PBXFileReference; fileEncoding = 4; lastKnownFileType = sourcecode.c.h; name = libcat.h; path = ../include/libcat.h; sourceTree = "<group>"; };
		3ED4FE9E1F89EB9100D299B6 /* cat_kernel.cpp */ = {isa = PBXFileReference; fileEncoding = 4; lastKnownFileType = sourcecode.cpp.cpp; name = cat_kernel.cpp; path = ../src/cat_kernel.cpp; sourceTree = "<group>"; };
		3EEB67B41F8FD0D30009C6FC /* cat_ui_edit.h */ = {isa = PBXFileReference; lastKnownFileType = sourcecode.c.h; name = cat_ui_edit.h; path = ../include/cat_ui_edit.h; sourceTree = "<group>"; };
		3EEB67B71F8FD1110009C6FC /* cat_ui_edit.cpp */ = {isa = PBXFileReference; explicitFileType = sourcecode.cpp.objcpp; name = cat_ui_edit.cpp; path = ../src/cat_ui_edit.cpp; sourceTree = "<group>"; };
		3EEE39761F8CB92C00DF9B90 /* cat_time_queue.h */ = {isa = PBXFileReference; lastKnownFileType = sourcecode.c.h; name = cat_time_queue.h; path = ../include/cat_time_queue.h; sourceTree = "<group>"; };
		3EEE39771F8CBB8400DF9B90 /* cat_time_service.h */ = {isa = PBXFileReference; lastKnownFileType = sourcecode.c.h; name = cat_time_service.h; path = ../include/cat_time_service.h; sourceTree = "<group>"; };
		3EEE39781F8CBB9B00DF9B90 /* cat_time_service.cpp */ = {isa = PBXFileReference; lastKnownFileType = sourcecode.cpp.cpp; name = cat_time_service.cpp; path = ../src/cat_time_service.cpp; sourceTree = "<group>"; };
		3EEE39791F8CBC3200DF9B90 /* cat_time_type.h */ = {isa = PBXFileReference; lastKnownFileType = sourcecode.c.h; name = cat_time_type.h; path = ../include/cat_time_type.h; sourceTree = "<group>"; };
		3EEE397A1F8CBEB200DF9B90 /* cat_kernel_api.h */ = {isa = PBXFileReference; lastKnownFileType = sourcecode.c.h; name = cat_kernel_api.h; path = ../include/cat_kernel_api.h; sourceTree = "<group>"; };
		3EEE397B1F8CBFBD00DF9B90 /* cat_application.h */ = {isa = PBXFileReference; lastKnownFileType = sourcecode.c.h; name = cat_application.h; path = ../include/cat_application.h; sourceTree = "<group>"; };
		3EF9A0DD1F8A6867008C00C0 /* cat_storage_driver_file.h */ = {isa = PBXFileReference; fileEncoding = 4; lastKnownFileType = sourcecode.c.h; name = cat_storage_driver_file.h; path = ../include/cat_storage_driver_file.h; sourceTree = "<group>"; };
		3EF9A0DE1F8A6867008C00C0 /* cat_storage_driver.h */ = {isa = PBXFileReference; fileEncoding = 4; lastKnownFileType = sourcecode.c.h; name = cat_storage_driver.h; path = ../include/cat_storage_driver.h; sourceTree = "<group>"; };
		3EF9A0DF1F8A6867008C00C0 /* cat_data_buffer.h */ = {isa = PBXFileReference; fileEncoding = 4; lastKnownFileType = sourcecode.c.h; name = cat_data_buffer.h; path = ../include/cat_data_buffer.h; sourceTree = "<group>"; };
		3EF9A0E01F8A6867008C00C0 /* cat_storage_vfs.h */ = {isa = PBXFileReference; fileEncoding = 4; lastKnownFileType = sourcecode.c.h; name = cat_storage_vfs.h; path = ../include/cat_storage_vfs.h; sourceTree = "<group>"; };
		3EF9A0EC1F8A68C1008C00C0 /* cat_storage_vfs.cpp */ = {isa = PBXFileReference; fileEncoding = 4; lastKnownFileType = sourcecode.cpp.cpp; name = cat_storage_vfs.cpp; path = ../src/cat_storage_vfs.cpp; sourceTree = "<group>"; };
		3EF9A0ED1F8A68C1008C00C0 /* cat_data_buffer.cpp */ = {isa = PBXFileReference; fileEncoding = 4; lastKnownFileType = sourcecode.cpp.cpp; name = cat_data_buffer.cpp; path = ../src/cat_data_buffer.cpp; sourceTree = "<group>"; };
/* End PBXFileReference section */

/* Begin PBXFrameworksBuildPhase section */
		3E8636F91F77544B00A97811 /* Frameworks */ = {
			isa = PBXFrameworksBuildPhase;
			buildActionMask = 2147483647;
			files = (
			);
			runOnlyForDeploymentPostprocessing = 0;
		};
		3ECE605B1F7671CB007C3766 /* Frameworks */ = {
			isa = PBXFrameworksBuildPhase;
			buildActionMask = 2147483647;
			files = (
			);
			runOnlyForDeploymentPostprocessing = 0;
		};
/* End PBXFrameworksBuildPhase section */

/* Begin PBXGroup section */
		3E15D9071F8A356A004EC94C /* util */ = {
			isa = PBXGroup;
			children = (
				3E9EB45A1FB7271900BFF6DD /* cat_util_string.h */,
				3E9EB4541FB726EE00BFF6DD /* cat_util_string.cpp */,
				3E15D8F51F8A3565004EC94C /* cat_util_log.h */,
				3EAED9681F8FCF2600E0B461 /* cat_util_log.cpp */,
				3EAED9661F8FCF1B00E0B461 /* cat_util_jni.h */,
				3EAED9691F8FCF2600E0B461 /* cat_util_jni.cpp */,
				3E9EB45C1FB7271900BFF6DD /* cat_data_uniqueid.h */,
			);
			name = util;
			sourceTree = "<group>";
		};
		3E33DBF41F7673C700B3A90C /* kernel */ = {
			isa = PBXGroup;
			children = (
				3ED4FE911F89EB8800D299B6 /* cat_type.h */,
				3ED4FE941F89EB8800D299B6 /* cat_platform.h */,
				3EEE397A1F8CBEB200DF9B90 /* cat_kernel_api.h */,
				3ED4FE9E1F89EB9100D299B6 /* cat_kernel.cpp */,
				3ED4FE931F89EB8800D299B6 /* cat_kernel.h */,
				3EEE397B1F8CBFBD00DF9B90 /* cat_application.h */,
			);
			name = kernel;
			sourceTree = "<group>";
		};
		3E9EB4511FB726DE00BFF6DD /* net */ = {
			isa = PBXGroup;
			children = (
				3E9EB45B1FB7271900BFF6DD /* cat_net_http.h */,
				3E9EB4531FB726EE00BFF6DD /* cat_net_http.cpp */,
				3E9EB45D1FB7271900BFF6DD /* cat_net_service.h */,
				3E9EB4521FB726EE00BFF6DD /* cat_net_service.cpp */,
			);
			name = net;
			sourceTree = "<group>";
		};
		3E9EB4591FB7270100BFF6DD /* data */ = {
			isa = PBXGroup;
			children = (
				3EF9A0DF1F8A6867008C00C0 /* cat_data_buffer.h */,
				3EF9A0ED1F8A68C1008C00C0 /* cat_data_buffer.cpp */,
			);
			name = data;
			sourceTree = "<group>";
		};
		3EBBA7E71F8D32080053D8AE /* ui */ = {
			isa = PBXGroup;
			children = (
				3EBBA7EE1F8D321A0053D8AE /* cat_ui_service.h */,
				3EBBA7F81F8D32230053D8AE /* cat_ui_service.cpp */,
				3EBBA7E81F8D32190053D8AE /* cat_ui_handler.h */,
				3EBBA7ED1F8D321A0053D8AE /* cat_ui_button.h */,
				3EBBA7F91F8D32230053D8AE /* cat_ui_button.cpp */,
				3EEB67B41F8FD0D30009C6FC /* cat_ui_edit.h */,
				3EEB67B71F8FD1110009C6FC /* cat_ui_edit.cpp */,
				3EBBA7EC1F8D321A0053D8AE /* cat_ui_label.h */,
				3EBBA7F71F8D32230053D8AE /* cat_ui_label.cpp */,
				3EBBA7E91F8D321A0053D8AE /* cat_ui_pane.h */,
				3EBBA7FA1F8D32230053D8AE /* cat_ui_pane.cpp */,
				3EBBA7EB1F8D321A0053D8AE /* cat_ui_slider.h */,
				3EBBA7F61F8D32220053D8AE /* cat_ui_slider.cpp */,
				3EBBA7EA1F8D321A0053D8AE /* cat_ui_widget.h */,
				3EBBA7FB1F8D32230053D8AE /* cat_ui_widget.cpp */,
			);
			name = ui;
			sourceTree = "<group>";
		};
		3ECE60551F7671CB007C3766 = {
			isa = PBXGroup;
			children = (
				3E9EB4591FB7270100BFF6DD /* data */,
				3E33DBF41F7673C700B3A90C /* kernel */,
				3ED4FEA11F89EBA400D299B6 /* gfx */,
				3EF9A0DC1F8A6855008C00C0 /* storage */,
				3E9EB4511FB726DE00BFF6DD /* net */,
				3EEE39751F8CB91100DF9B90 /* time */,
				3E15D9071F8A356A004EC94C /* util */,
				3EBBA7E71F8D32080053D8AE /* ui */,
				3ED4FE951F89EB8800D299B6 /* libcat.h */,
				3ECE605F1F7671CB007C3766 /* Products */,
			);
			sourceTree = "<group>";
		};
		3ECE605F1F7671CB007C3766 /* Products */ = {
			isa = PBXGroup;
			children = (
				3ECE605E1F7671CB007C3766 /* libcat.a */,
				3E8636FC1F77544B00A97811 /* libcat.a */,
			);
			name = Products;
			sourceTree = "<group>";
		};
		3ED4FEA11F89EBA400D299B6 /* gfx */ = {
			isa = PBXGroup;
			children = (
				3E15D8FB1F8A3565004EC94C /* cat_gfx_type.h */,
				3ED4FE8F1F89EB8800D299B6 /* cat_gfx_renderer.h */,
				3ECE1B011F8A3895009D9088 /* cat_gfx_renderer.cpp */,
				3E15D8F41F8A3564004EC94C /* cat_gfx_ibo.h */,
				3E8D7D401F8A36BF00F91EDF /* cat_gfx_ibo.cpp */,
				3E15D8F31F8A3564004EC94C /* cat_gfx_vbo.h */,
				3E8D7D411F8A36BF00F91EDF /* cat_gfx_vbo.cpp */,
				3E15D8F71F8A3565004EC94C /* cat_gfx_tex.h */,
				3E8D7D421F8A36C000F91EDF /* cat_gfx_tex.cpp */,
				3E15D8F81F8A3565004EC94C /* cat_gfx_texref.h */,
				3E15D8F91F8A3565004EC94C /* cat_gfx_shader.h */,
				3E8D7D431F8A36C000F91EDF /* cat_gfx_shader.cpp */,
				3E15D8F61F8A3565004EC94C /* cat_gfx_drawablecanvas.h */,
				3EAED9721F8FCF5500E0B461 /* cat_gfx_drawablecanvas.cpp */,
				3E15D8FC1F8A3565004EC94C /* cat_gfx_drawable.h */,
				3E8D7D461F8A36C000F91EDF /* cat_gfx_drawable.cpp */,
				3E15D8FA1F8A3565004EC94C /* cat_gfx_draw2d.h */,
				3E8D7D451F8A36C000F91EDF /* cat_gfx_draw2d.cpp */,
				3E8D7D441F8A36C000F91EDF /* cat_gfx_draw2d_shaders.cpp */,
				3E92B6DB1F8B883F00614529 /* cat_gfx_resmgr.h */,
				3E92B6DD1F8B885F00614529 /* cat_gfx_resmgr.cpp */,
			);
			name = gfx;
			sourceTree = "<group>";
		};
		3EEE39751F8CB91100DF9B90 /* time */ = {
			isa = PBXGroup;
			children = (
				3EEE39791F8CBC3200DF9B90 /* cat_time_type.h */,
				3EEE39761F8CB92C00DF9B90 /* cat_time_queue.h */,
				3EEE39771F8CBB8400DF9B90 /* cat_time_service.h */,
				3EEE39781F8CBB9B00DF9B90 /* cat_time_service.cpp */,
			);
			name = time;
			sourceTree = "<group>";
		};
		3EF9A0DC1F8A6855008C00C0 /* storage */ = {
			isa = PBXGroup;
			children = (
				3EF9A0E01F8A6867008C00C0 /* cat_storage_vfs.h */,
				3EF9A0EC1F8A68C1008C00C0 /* cat_storage_vfs.cpp */,
				3EF9A0DE1F8A6867008C00C0 /* cat_storage_driver.h */,
				3EAED9701F8FCF3C00E0B461 /* cat_storage_driver_asset.h */,
				3EAED96D1F8FCF3600E0B461 /* cat_storage_driver_asset.cpp */,
				3EAED96C1F8FCF3600E0B461 /* cat_storage_driver_file.cpp */,
				3EF9A0DD1F8A6867008C00C0 /* cat_storage_driver_file.h */,
			);
			name = storage;
			sourceTree = "<group>";
		};
/* End PBXGroup section */

/* Begin PBXHeadersBuildPhase section */
		3E8637051F7754D900A97811 /* Headers */ = {
			isa = PBXHeadersBuildPhase;
			buildActionMask = 2147483647;
			files = (
				3E9EB4641FB7630D00BFF6DD /* cat_net_http.h in Headers */,
				3E9EB4651FB7630D00BFF6DD /* cat_net_service.h in Headers */,
				3E9EB4661FB7630D00BFF6DD /* cat_util_string.h in Headers */,
				3E9EB4671FB7630D00BFF6DD /* cat_data_uniqueid.h in Headers */,
				3ED4FEAA1F89ECBC00D299B6 /* libcat.h in Headers */,
				3ED4FEA61F89EC9600D299B6 /* cat_platform.h in Headers */,
				3ED4FEA51F89EC9600D299B6 /* cat_type.h in Headers */,
				3ED4FEA81F89EC9600D299B6 /* cat_kernel.h in Headers */,
				3EEE39861F8CC06000DF9B90 /* cat_kernel_api.h in Headers */,
				3EEE39871F8CC06000DF9B90 /* cat_application.h in Headers */,
				3EAED97A1F8FCFE600E0B461 /* cat_util_jni.h in Headers */,
				3ED3FD981F8A4017007BE517 /* cat_util_log.h in Headers */,
				3ED3FD8F1F8A3FC6007BE517 /* cat_gfx_type.h in Headers */,
				3ED4FEA91F89EC9600D299B6 /* cat_gfx_renderer.h in Headers */,
				3ED3FD901F8A3FC6007BE517 /* cat_gfx_ibo.h in Headers */,
				3ED3FD911F8A3FC6007BE517 /* cat_gfx_vbo.h in Headers */,
				3ED3FD921F8A3FC6007BE517 /* cat_gfx_tex.h in Headers */,
				3ED3FD931F8A3FC6007BE517 /* cat_gfx_texref.h in Headers */,
				3ED3FD941F8A3FC6007BE517 /* cat_gfx_shader.h in Headers */,
				3ED3FD951F8A3FC6007BE517 /* cat_gfx_drawablecanvas.h in Headers */,
				3ED3FD961F8A3FC6007BE517 /* cat_gfx_drawable.h in Headers */,
				3ED3FD971F8A3FC6007BE517 /* cat_gfx_draw2d.h in Headers */,
				3E92B6E01F8B889C00614529 /* cat_gfx_resmgr.h in Headers */,
				3EEE397E1F8CC03600DF9B90 /* cat_time_type.h in Headers */,
				3EEE397F1F8CC03600DF9B90 /* cat_time_queue.h in Headers */,
				3EEE39801F8CC03600DF9B90 /* cat_time_service.h in Headers */,
				3EF9A0FB1F8A695D008C00C0 /* cat_data_buffer.h in Headers */,
				3EF9A0FE1F8A695D008C00C0 /* cat_storage_vfs.h in Headers */,
				3EF9A0FC1F8A695D008C00C0 /* cat_storage_driver.h in Headers */,
				3EF9A0FD1F8A695D008C00C0 /* cat_storage_driver_file.h in Headers */,
				3EAED9791F8FCFE600E0B461 /* cat_storage_driver_asset.h in Headers */,
				3EBBA8081F8D32BC0053D8AE /* cat_ui_service.h in Headers */,
				3EBBA8091F8D32BC0053D8AE /* cat_ui_handler.h in Headers */,
				3EBBA80E1F8D32BD0053D8AE /* cat_ui_widget.h in Headers */,
				3EBBA80C1F8D32BC0053D8AE /* cat_ui_pane.h in Headers */,
				3EBBA80B1F8D32BC0053D8AE /* cat_ui_label.h in Headers */,
				3EBBA80A1F8D32BC0053D8AE /* cat_ui_button.h in Headers */,
				3EBBA80D1F8D32BD0053D8AE /* cat_ui_slider.h in Headers */,
				3EEB67B61F8FD0F70009C6FC /* cat_ui_edit.h in Headers */,
			);
			runOnlyForDeploymentPostprocessing = 0;
		};
		3ECE605C1F7671CB007C3766 /* Headers */ = {
			isa = PBXHeadersBuildPhase;
			buildActionMask = 2147483647;
			files = (
				3ED4FE9C1F89EB8900D299B6 /* libcat.h in Headers */,
				3ED4FE9B1F89EB8900D299B6 /* cat_platform.h in Headers */,
				3ED4FE981F89EB8900D299B6 /* cat_type.h in Headers */,
				3ED4FE9A1F89EB8900D299B6 /* cat_kernel.h in Headers */,
				3EEE39841F8CC05500DF9B90 /* cat_kernel_api.h in Headers */,
				3EEE39851F8CC05500DF9B90 /* cat_application.h in Headers */,
				3E9EB45E1FB7271900BFF6DD /* cat_util_string.h in Headers */,
				3EAED9671F8FCF1B00E0B461 /* cat_util_jni.h in Headers */,
				3E15D8FF1F8A3565004EC94C /* cat_util_log.h in Headers */,
				3E15D9051F8A3565004EC94C /* cat_gfx_type.h in Headers */,
				3ED4FE961F89EB8900D299B6 /* cat_gfx_renderer.h in Headers */,
				3E15D8FE1F8A3565004EC94C /* cat_gfx_ibo.h in Headers */,
				3E15D8FD1F8A3565004EC94C /* cat_gfx_vbo.h in Headers */,
				3E15D9011F8A3565004EC94C /* cat_gfx_tex.h in Headers */,
				3E15D9021F8A3565004EC94C /* cat_gfx_texref.h in Headers */,
				3E15D9031F8A3565004EC94C /* cat_gfx_shader.h in Headers */,
				3E9EB4611FB7271900BFF6DD /* cat_net_service.h in Headers */,
				3E15D9001F8A3565004EC94C /* cat_gfx_drawablecanvas.h in Headers */,
				3E15D9061F8A3565004EC94C /* cat_gfx_drawable.h in Headers */,
				3E15D9041F8A3565004EC94C /* cat_gfx_draw2d.h in Headers */,
				3E92B6DC1F8B883F00614529 /* cat_gfx_resmgr.h in Headers */,
				3EEE39811F8CC04400DF9B90 /* cat_time_type.h in Headers */,
				3EEE39821F8CC04400DF9B90 /* cat_time_queue.h in Headers */,
				3EEE39831F8CC04400DF9B90 /* cat_time_service.h in Headers */,
				3EF9A0E31F8A6867008C00C0 /* cat_data_buffer.h in Headers */,
				3EF9A0E41F8A6867008C00C0 /* cat_storage_vfs.h in Headers */,
				3EF9A0E21F8A6867008C00C0 /* cat_storage_driver.h in Headers */,
				3EF9A0E11F8A6867008C00C0 /* cat_storage_driver_file.h in Headers */,
				3E9EB4601FB7271900BFF6DD /* cat_data_uniqueid.h in Headers */,
				3EAED9711F8FCF3C00E0B461 /* cat_storage_driver_asset.h in Headers */,
				3EBBA7F51F8D321A0053D8AE /* cat_ui_service.h in Headers */,
				3EBBA7EF1F8D321A0053D8AE /* cat_ui_handler.h in Headers */,
				3EBBA7F11F8D321A0053D8AE /* cat_ui_widget.h in Headers */,
				3EBBA7F01F8D321A0053D8AE /* cat_ui_pane.h in Headers */,
				3E9EB45F1FB7271900BFF6DD /* cat_net_http.h in Headers */,
				3EBBA7F31F8D321A0053D8AE /* cat_ui_label.h in Headers */,
				3EBBA7F41F8D321A0053D8AE /* cat_ui_button.h in Headers */,
				3EBBA7F21F8D321A0053D8AE /* cat_ui_slider.h in Headers */,
				3EEB67B51F8FD0E90009C6FC /* cat_ui_edit.h in Headers */,
			);
			runOnlyForDeploymentPostprocessing = 0;
		};
/* End PBXHeadersBuildPhase section */

/* Begin PBXNativeTarget section */
		3E8636FB1F77544B00A97811 /* libcat-ios */ = {
			isa = PBXNativeTarget;
			buildConfigurationList = 3E8637021F77544B00A97811 /* Build configuration list for PBXNativeTarget "libcat-ios" */;
			buildPhases = (
				3E8636F81F77544B00A97811 /* Sources */,
				3E8636F91F77544B00A97811 /* Frameworks */,
				3E8637051F7754D900A97811 /* Headers */,
			);
			buildRules = (
			);
			dependencies = (
			);
			name = "libcat-ios";
			productName = libcat;
			productReference = 3E8636FC1F77544B00A97811 /* libcat.a */;
			productType = "com.apple.product-type.library.static";
		};
		3ECE605D1F7671CB007C3766 /* libcat-mac */ = {
			isa = PBXNativeTarget;
			buildConfigurationList = 3ECE60621F7671CB007C3766 /* Build configuration list for PBXNativeTarget "libcat-mac" */;
			buildPhases = (
				3ECE605A1F7671CB007C3766 /* Sources */,
				3ECE605B1F7671CB007C3766 /* Frameworks */,
				3ECE605C1F7671CB007C3766 /* Headers */,
			);
			buildRules = (
			);
			dependencies = (
			);
			name = "libcat-mac";
			productName = libcat;
			productReference = 3ECE605E1F7671CB007C3766 /* libcat.a */;
			productType = "com.apple.product-type.library.static";
		};
/* End PBXNativeTarget section */

/* Begin PBXProject section */
		3ECE60561F7671CB007C3766 /* Project object */ = {
			isa = PBXProject;
			attributes = {
				LastUpgradeCheck = 0900;
				ORGANIZATIONNAME = libpng;
				TargetAttributes = {
					3E8636FB1F77544B00A97811 = {
						CreatedOnToolsVersion = 9.0;
						ProvisioningStyle = Automatic;
					};
					3ECE605D1F7671CB007C3766 = {
						CreatedOnToolsVersion = 9.0;
						ProvisioningStyle = Automatic;
					};
				};
			};
			buildConfigurationList = 3ECE60591F7671CB007C3766 /* Build configuration list for PBXProject "libcat" */;
			compatibilityVersion = "Xcode 8.0";
			developmentRegion = en;
			hasScannedForEncodings = 0;
			knownRegions = (
				en,
				Base,
			);
			mainGroup = 3ECE60551F7671CB007C3766;
			productRefGroup = 3ECE605F1F7671CB007C3766 /* Products */;
			projectDirPath = "";
			projectRoot = "";
			targets = (
				3ECE605D1F7671CB007C3766 /* libcat-mac */,
				3E8636FB1F77544B00A97811 /* libcat-ios */,
			);
		};
/* End PBXProject section */

/* Begin PBXSourcesBuildPhase section */
		3E8636F81F77544B00A97811 /* Sources */ = {
			isa = PBXSourcesBuildPhase;
			buildActionMask = 2147483647;
			files = (
				3E9EB4621FB762F300BFF6DD /* cat_net_http.cpp in Sources */,
				3E9EB4631FB762F300BFF6DD /* cat_net_service.cpp in Sources */,
				3ED4FEA21F89EC8700D299B6 /* cat_kernel.cpp in Sources */,
				3EAED9771F8FCF9A00E0B461 /* cat_util_jni.cpp in Sources */,
				3EAED9781F8FCFAE00E0B461 /* cat_util_log.cpp in Sources */,
				3E9EB4581FB726F300BFF6DD /* cat_util_string.cpp in Sources */,
				3ED3FD841F8A3F8B007BE517 /* cat_gfx_renderer.cpp in Sources */,
				3ED3FD851F8A3F8B007BE517 /* cat_gfx_ibo.cpp in Sources */,
				3ED3FD861F8A3F8B007BE517 /* cat_gfx_vbo.cpp in Sources */,
				3ED3FD871F8A3F8B007BE517 /* cat_gfx_tex.cpp in Sources */,
				3ED3FD881F8A3F8B007BE517 /* cat_gfx_shader.cpp in Sources */,
				3EAED9741F8FCF9A00E0B461 /* cat_gfx_drawablecanvas.cpp in Sources */,
				3ED3FD891F8A3F8B007BE517 /* cat_gfx_drawable.cpp in Sources */,
				3ED3FD8A1F8A3F8B007BE517 /* cat_gfx_draw2d.cpp in Sources */,
				3ED3FD8B1F8A3F8B007BE517 /* cat_gfx_draw2d_shaders.cpp in Sources */,
				3E92B6DF1F8B888F00614529 /* cat_gfx_resmgr.cpp in Sources */,
				3EEE397D1F8CC02300DF9B90 /* cat_time_service.cpp in Sources */,
				3EF9A0F91F8A693C008C00C0 /* cat_data_buffer.cpp in Sources */,
				3EF9A0FA1F8A693C008C00C0 /* cat_storage_vfs.cpp in Sources */,
				3EAED9751F8FCF9A00E0B461 /* cat_storage_driver_asset.cpp in Sources */,
				3EAED9761F8FCF9A00E0B461 /* cat_storage_driver_file.cpp in Sources */,
				3EBBA8021F8D32A60053D8AE /* cat_ui_service.cpp in Sources */,
				3EBBA8071F8D32A60053D8AE /* cat_ui_widget.cpp in Sources */,
				3EBBA8051F8D32A60053D8AE /* cat_ui_pane.cpp in Sources */,
				3EBBA8041F8D32A60053D8AE /* cat_ui_label.cpp in Sources */,
				3EBBA8031F8D32A60053D8AE /* cat_ui_button.cpp in Sources */,
				3EBBA8061F8D32A60053D8AE /* cat_ui_slider.cpp in Sources */,
				3EEB67B81F8FD1110009C6FC /* cat_ui_edit.cpp in Sources */,
			);
			runOnlyForDeploymentPostprocessing = 0;
		};
		3ECE605A1F7671CB007C3766 /* Sources */ = {
			isa = PBXSourcesBuildPhase;
			buildActionMask = 2147483647;
			files = (
				3ED4FEA01F89EB9100D299B6 /* cat_kernel.cpp in Sources */,
				3EAED96B1F8FCF2600E0B461 /* cat_util_jni.cpp in Sources */,
				3EAED96A1F8FCF2600E0B461 /* cat_util_log.cpp in Sources */,
				3ECE1B021F8A391C009D9088 /* cat_gfx_renderer.cpp in Sources */,
				3E9EB4561FB726EF00BFF6DD /* cat_net_http.cpp in Sources */,
				3EAED9731F8FCF5500E0B461 /* cat_gfx_drawablecanvas.cpp in Sources */,
				3ECE1B031F8A391C009D9088 /* cat_gfx_ibo.cpp in Sources */,
				3ECE1B041F8A391C009D9088 /* cat_gfx_vbo.cpp in Sources */,
				3ECE1B051F8A391C009D9088 /* cat_gfx_tex.cpp in Sources */,
				3ECE1B061F8A391C009D9088 /* cat_gfx_shader.cpp in Sources */,
				3ECE1B071F8A391C009D9088 /* cat_gfx_drawable.cpp in Sources */,
				3ECE1B081F8A391C009D9088 /* cat_gfx_draw2d.cpp in Sources */,
				3ECE1B091F8A391C009D9088 /* cat_gfx_draw2d_shaders.cpp in Sources */,
				3E92B6DE1F8B886000614529 /* cat_gfx_resmgr.cpp in Sources */,
				3EEE397C1F8CC01700DF9B90 /* cat_time_service.cpp in Sources */,
				3EF9A0EF1F8A68C1008C00C0 /* cat_data_buffer.cpp in Sources */,
				3EF9A0EE1F8A68C1008C00C0 /* cat_storage_vfs.cpp in Sources */,
				3EAED96E1F8FCF3600E0B461 /* cat_storage_driver_file.cpp in Sources */,
				3EAED96F1F8FCF3600E0B461 /* cat_storage_driver_asset.cpp in Sources */,
				3EBBA7FE1F8D32230053D8AE /* cat_ui_service.cpp in Sources */,
				3EBBA8011F8D32230053D8AE /* cat_ui_widget.cpp in Sources */,
				3EBBA8001F8D32230053D8AE /* cat_ui_pane.cpp in Sources */,
				3EBBA7FD1F8D32230053D8AE /* cat_ui_label.cpp in Sources */,
				3E9EB4551FB726EF00BFF6DD /* cat_net_service.cpp in Sources */,
				3EBBA7FF1F8D32230053D8AE /* cat_ui_button.cpp in Sources */,
				3EBBA7FC1F8D32230053D8AE /* cat_ui_slider.cpp in Sources */,
				3EEB67B91F8FD1110009C6FC /* cat_ui_edit.cpp in Sources */,
				3E9EB4571FB726EF00BFF6DD /* cat_util_string.cpp in Sources */,
			);
			runOnlyForDeploymentPostprocessing = 0;
		};
/* End PBXSourcesBuildPhase section */

/* Begin XCBuildConfiguration section */
		3E8637031F77544B00A97811 /* Debug */ = {
			isa = XCBuildConfiguration;
			buildSettings = {
				BUILD_VARIANTS = debug;
				CODE_SIGN_IDENTITY = "iPhone Developer";
				CODE_SIGN_STYLE = Automatic;
				CONFIGURATION_BUILD_DIR = "$(BUILD_DIR)/ios";
				EXECUTABLE_PREFIX = "";
				GCC_PREPROCESSOR_DEFINITIONS = (
					PLATFORM_IOS,
					"DEBUG=1",
					"$(inherited)",
				);
				HEADER_SEARCH_PATHS = (
					../include,
					../../dependency/include/generic,
					../../dependency/include/ios,
				);
				IPHONEOS_DEPLOYMENT_TARGET = 11.0;
				OBJROOT = ./build;
				OTHER_LDFLAGS = "-ObjC";
				PRODUCT_NAME = libcat;
				SDKROOT = iphoneos;
				SKIP_INSTALL = YES;
				SYMROOT = ../lib;
				TARGETED_DEVICE_FAMILY = "1,2";
			};
			name = Debug;
		};
		3E8637041F77544B00A97811 /* Release */ = {
			isa = XCBuildConfiguration;
			buildSettings = {
				CODE_SIGN_IDENTITY = "iPhone Developer";
				CODE_SIGN_STYLE = Automatic;
				CONFIGURATION_BUILD_DIR = "$(BUILD_DIR)/ios";
				EXECUTABLE_PREFIX = "";
				GCC_PREPROCESSOR_DEFINITIONS = PLATFORM_IOS;
				HEADER_SEARCH_PATHS = (
					../include,
					../../dependency/include/generic,
					../../dependency/include/ios,
				);
				IPHONEOS_DEPLOYMENT_TARGET = 11.0;
				OBJROOT = ./build;
				OTHER_LDFLAGS = "-ObjC";
				PRODUCT_NAME = libcat;
				SDKROOT = iphoneos;
				SKIP_INSTALL = YES;
				SYMROOT = ../lib;
				TARGETED_DEVICE_FAMILY = "1,2";
				VALIDATE_PRODUCT = YES;
			};
			name = Release;
		};
		3ECE60601F7671CB007C3766 /* Debug */ = {
			isa = XCBuildConfiguration;
			buildSettings = {
				ALWAYS_SEARCH_USER_PATHS = NO;
				CLANG_ANALYZER_NONNULL = YES;
				CLANG_ANALYZER_NUMBER_OBJECT_CONVERSION = YES_AGGRESSIVE;
				CLANG_CXX_LANGUAGE_STANDARD = "gnu++14";
				CLANG_CXX_LIBRARY = "libc++";
				CLANG_ENABLE_MODULES = YES;
				CLANG_ENABLE_OBJC_ARC = YES;
				CLANG_WARN_BLOCK_CAPTURE_AUTORELEASING = YES;
				CLANG_WARN_BOOL_CONVERSION = YES;
				CLANG_WARN_COMMA = YES;
				CLANG_WARN_CONSTANT_CONVERSION = YES;
				CLANG_WARN_DIRECT_OBJC_ISA_USAGE = YES_ERROR;
				CLANG_WARN_DOCUMENTATION_COMMENTS = YES;
				CLANG_WARN_EMPTY_BODY = YES;
				CLANG_WARN_ENUM_CONVERSION = YES;
				CLANG_WARN_INFINITE_RECURSION = YES;
				CLANG_WARN_INT_CONVERSION = YES;
				CLANG_WARN_NON_LITERAL_NULL_CONVERSION = YES;
				CLANG_WARN_OBJC_LITERAL_CONVERSION = YES;
				CLANG_WARN_OBJC_ROOT_CLASS = YES_ERROR;
				CLANG_WARN_RANGE_LOOP_ANALYSIS = YES;
				CLANG_WARN_STRICT_PROTOTYPES = YES;
				CLANG_WARN_SUSPICIOUS_MOVE = YES;
				CLANG_WARN_UNGUARDED_AVAILABILITY = YES_AGGRESSIVE;
				CLANG_WARN_UNREACHABLE_CODE = YES;
				CLANG_WARN__DUPLICATE_METHOD_MATCH = YES;
				CODE_SIGN_IDENTITY = "-";
				COPY_PHASE_STRIP = NO;
				DEBUG_INFORMATION_FORMAT = dwarf;
				ENABLE_STRICT_OBJC_MSGSEND = YES;
				ENABLE_TESTABILITY = YES;
				GCC_C_LANGUAGE_STANDARD = gnu11;
				GCC_DYNAMIC_NO_PIC = NO;
				GCC_NO_COMMON_BLOCKS = YES;
				GCC_OPTIMIZATION_LEVEL = 0;
				GCC_PREPROCESSOR_DEFINITIONS = (
					"DEBUG=1",
					"$(inherited)",
				);
				GCC_WARN_64_TO_32_BIT_CONVERSION = YES;
				GCC_WARN_ABOUT_RETURN_TYPE = YES_ERROR;
				GCC_WARN_UNDECLARED_SELECTOR = YES;
				GCC_WARN_UNINITIALIZED_AUTOS = YES_AGGRESSIVE;
				GCC_WARN_UNUSED_FUNCTION = YES;
				GCC_WARN_UNUSED_VARIABLE = YES;
				MACOSX_DEPLOYMENT_TARGET = 10.12;
				MTL_ENABLE_DEBUG_INFO = YES;
				ONLY_ACTIVE_ARCH = YES;
				SDKROOT = macosx;
			};
			name = Debug;
		};
		3ECE60611F7671CB007C3766 /* Release */ = {
			isa = XCBuildConfiguration;
			buildSettings = {
				ALWAYS_SEARCH_USER_PATHS = NO;
				CLANG_ANALYZER_NONNULL = YES;
				CLANG_ANALYZER_NUMBER_OBJECT_CONVERSION = YES_AGGRESSIVE;
				CLANG_CXX_LANGUAGE_STANDARD = "gnu++14";
				CLANG_CXX_LIBRARY = "libc++";
				CLANG_ENABLE_MODULES = YES;
				CLANG_ENABLE_OBJC_ARC = YES;
				CLANG_WARN_BLOCK_CAPTURE_AUTORELEASING = YES;
				CLANG_WARN_BOOL_CONVERSION = YES;
				CLANG_WARN_COMMA = YES;
				CLANG_WARN_CONSTANT_CONVERSION = YES;
				CLANG_WARN_DIRECT_OBJC_ISA_USAGE = YES_ERROR;
				CLANG_WARN_DOCUMENTATION_COMMENTS = YES;
				CLANG_WARN_EMPTY_BODY = YES;
				CLANG_WARN_ENUM_CONVERSION = YES;
				CLANG_WARN_INFINITE_RECURSION = YES;
				CLANG_WARN_INT_CONVERSION = YES;
				CLANG_WARN_NON_LITERAL_NULL_CONVERSION = YES;
				CLANG_WARN_OBJC_LITERAL_CONVERSION = YES;
				CLANG_WARN_OBJC_ROOT_CLASS = YES_ERROR;
				CLANG_WARN_RANGE_LOOP_ANALYSIS = YES;
				CLANG_WARN_STRICT_PROTOTYPES = YES;
				CLANG_WARN_SUSPICIOUS_MOVE = YES;
				CLANG_WARN_UNGUARDED_AVAILABILITY = YES_AGGRESSIVE;
				CLANG_WARN_UNREACHABLE_CODE = YES;
				CLANG_WARN__DUPLICATE_METHOD_MATCH = YES;
				CODE_SIGN_IDENTITY = "-";
				COPY_PHASE_STRIP = NO;
				DEBUG_INFORMATION_FORMAT = "dwarf-with-dsym";
				ENABLE_NS_ASSERTIONS = NO;
				ENABLE_STRICT_OBJC_MSGSEND = YES;
				GCC_C_LANGUAGE_STANDARD = gnu11;
				GCC_NO_COMMON_BLOCKS = YES;
				GCC_WARN_64_TO_32_BIT_CONVERSION = YES;
				GCC_WARN_ABOUT_RETURN_TYPE = YES_ERROR;
				GCC_WARN_UNDECLARED_SELECTOR = YES;
				GCC_WARN_UNINITIALIZED_AUTOS = YES_AGGRESSIVE;
				GCC_WARN_UNUSED_FUNCTION = YES;
				GCC_WARN_UNUSED_VARIABLE = YES;
				MACOSX_DEPLOYMENT_TARGET = 10.12;
				MTL_ENABLE_DEBUG_INFO = NO;
				SDKROOT = macosx;
			};
			name = Release;
		};
		3ECE60631F7671CB007C3766 /* Debug */ = {
			isa = XCBuildConfiguration;
			buildSettings = {
				BUILD_VARIANTS = debug;
				CODE_SIGN_STYLE = Automatic;
				CONFIGURATION_BUILD_DIR = "$(BUILD_DIR)/mac";
				EXECUTABLE_PREFIX = "";
				GCC_PREPROCESSOR_DEFINITIONS = (
					PLATFORM_MAC,
					"DEBUG=1",
					"$(inherited)",
				);
				HEADER_SEARCH_PATHS = (
					../include,
					../../dependency/include/generic,
					../../dependency/include/mac,
				);
				OBJROOT = ./build;
				PRODUCT_NAME = libcat;
				SYMROOT = ../lib;
			};
			name = Debug;
		};
		3ECE60641F7671CB007C3766 /* Release */ = {
			isa = XCBuildConfiguration;
			buildSettings = {
				CODE_SIGN_STYLE = Automatic;
				CONFIGURATION_BUILD_DIR = "$(BUILD_DIR)/mac";
				EXECUTABLE_PREFIX = "";
				GCC_PREPROCESSOR_DEFINITIONS = "PLATFORM_MAC ";
				HEADER_SEARCH_PATHS = (
					../include,
					../../dependency/include/generic,
					../../dependency/include/mac,
				);
				OBJROOT = ./build;
				PRODUCT_NAME = libcat;
				SYMROOT = ../lib;
			};
			name = Release;
		};
/* End XCBuildConfiguration section */

/* Begin XCConfigurationList section */
		3E8637021F77544B00A97811 /* Build configuration list for PBXNativeTarget "libcat-ios" */ = {
			isa = XCConfigurationList;
			buildConfigurations = (
				3E8637031F77544B00A97811 /* Debug */,
				3E8637041F77544B00A97811 /* Release */,
			);
			defaultConfigurationIsVisible = 0;
			defaultConfigurationName = Release;
		};
		3ECE60591F7671CB007C3766 /* Build configuration list for PBXProject "libcat" */ = {
			isa = XCConfigurationList;
			buildConfigurations = (
				3ECE60601F7671CB007C3766 /* Debug */,
				3ECE60611F7671CB007C3766 /* Release */,
			);
			defaultConfigurationIsVisible = 0;
			defaultConfigurationName = Release;
		};
		3ECE60621F7671CB007C3766 /* Build configuration list for PBXNativeTarget "libcat-mac" */ = {
			isa = XCConfigurationList;
			buildConfigurations = (
				3ECE60631F7671CB007C3766 /* Debug */,
				3ECE60641F7671CB007C3766 /* Release */,
			);
			defaultConfigurationIsVisible = 0;
			defaultConfigurationName = Release;
		};
/* End XCConfigurationList section */
	};
	rootObject = 3ECE60561F7671CB007C3766 /* Project object */;
}
