<?xml version="1.0" encoding="utf-8"?>
<Project ToolsVersion="4.0" xmlns="http://schemas.microsoft.com/developer/msbuild/2003">
  <ItemGroup>
    <Filter Include="libosal">
      <UniqueIdentifier>{4FC737F1-C7A5-4376-A066-2A32D752A2FF}</UniqueIdentifier>
      <Extensions>cpp;c;cc;cxx;def;odl;idl;hpj;bat;asm;asmx</Extensions>
    </Filter>
    <Filter Include="libosal\kernel">
      <UniqueIdentifier>{b4b40726-2287-4f3d-9bbe-6fc47ee9cfd8}</UniqueIdentifier>
    </Filter>
    <Filter Include="libosal\graphics">
      <UniqueIdentifier>{8e818c28-2696-40be-94e8-34301cf474af}</UniqueIdentifier>
    </Filter>
    <Filter Include="libosal\util">
      <UniqueIdentifier>{8be5ec90-31cb-4397-adc8-b89b9b01fffa}</UniqueIdentifier>
    </Filter>
    <Filter Include="libosal\storage">
      <UniqueIdentifier>{7c6981e5-d6b6-48cd-9254-3f9dae35a49e}</UniqueIdentifier>
    </Filter>
    <Filter Include="libosal\time">
      <UniqueIdentifier>{2a804388-baa5-421b-812e-e9251ed59ea3}</UniqueIdentifier>
    </Filter>
    <Filter Include="libosal\ui">
      <UniqueIdentifier>{e96e06b1-80fc-4708-8ab4-4649704fde49}</UniqueIdentifier>
    </Filter>
  </ItemGroup>
  <ItemGroup>
    <ClInclude Include="..\include\osal_type.h">
      <Filter>libosal\kernel</Filter>
    </ClInclude>
    <ClInclude Include="..\include\osal_kernel.h">
      <Filter>libosal\kernel</Filter>
    </ClInclude>
    <ClInclude Include="..\include\osal_platform.h">
      <Filter>libosal\kernel</Filter>
    </ClInclude>
    <ClInclude Include="..\include\osal_gfx_renderer.h">
      <Filter>libosal\graphics</Filter>
    </ClInclude>
    <ClInclude Include="..\include\osal_gfx_resmgr.h">
      <Filter>libosal\graphics</Filter>
    </ClInclude>
    <ClInclude Include="..\include\libosal.h">
      <Filter>libosal</Filter>
    </ClInclude>
    <ClInclude Include="..\include\osal_gfx_ibo.h">
      <Filter>libosal\graphics</Filter>
    </ClInclude>
    <ClInclude Include="..\include\osal_gfx_shader.h">
      <Filter>libosal\graphics</Filter>
    </ClInclude>
    <ClInclude Include="..\include\osal_gfx_tex.h">
      <Filter>libosal\graphics</Filter>
    </ClInclude>
    <ClInclude Include="..\include\osal_gfx_texref.h">
      <Filter>libosal\graphics</Filter>
    </ClInclude>
    <ClInclude Include="..\include\osal_gfx_vbo.h">
      <Filter>libosal\graphics</Filter>
    </ClInclude>
    <ClInclude Include="..\include\osal_util_log.h">
      <Filter>libosal\util</Filter>
    </ClInclude>
    <ClInclude Include="..\include\osal_gfx_type.h">
      <Filter>libosal\graphics</Filter>
    </ClInclude>
    <ClInclude Include="..\include\osal_gfx_drawable.h">
      <Filter>libosal\graphics</Filter>
    </ClInclude>
    <ClInclude Include="..\include\osal_gfx_draw2d.h">
      <Filter>libosal\graphics</Filter>
    </ClInclude>
    <ClInclude Include="..\include\osal_storage_buffer.h">
      <Filter>libosal\storage</Filter>
    </ClInclude>
    <ClInclude Include="..\include\osal_storage_vfs.h">
      <Filter>libosal\storage</Filter>
    </ClInclude>
    <ClInclude Include="..\include\osal_storage_driver.h">
      <Filter>libosal\storage</Filter>
    </ClInclude>
    <ClInclude Include="..\include\osal_storage_driver_file.h">
      <Filter>libosal\storage</Filter>
    </ClInclude>
    <ClInclude Include="..\include\osal_kernel_api.h">
      <Filter>libosal\kernel</Filter>
    </ClInclude>
    <ClInclude Include="..\include\osal_application.h">
      <Filter>libosal\kernel</Filter>
    </ClInclude>
    <ClInclude Include="..\include\osal_time_queue.h">
      <Filter>libosal\time</Filter>
    </ClInclude>
    <ClInclude Include="..\include\osal_time_service.h">
      <Filter>libosal\time</Filter>
    </ClInclude>
    <ClInclude Include="..\include\osal_time_type.h">
      <Filter>libosal\time</Filter>
    </ClInclude>
    <ClInclude Include="..\include\osal_ui_service.h">
      <Filter>libosal\ui</Filter>
    </ClInclude>
    <ClInclude Include="..\include\osal_ui_widget.h">
      <Filter>libosal\ui</Filter>
    </ClInclude>
    <ClInclude Include="..\include\osal_ui_handler.h">
      <Filter>libosal\ui</Filter>
    </ClInclude>
    <ClInclude Include="..\include\osal_ui_label.h">
      <Filter>libosal\ui</Filter>
    </ClInclude>
    <ClInclude Include="..\include\osal_ui_button.h">
      <Filter>libosal\ui</Filter>
    </ClInclude>
    <ClInclude Include="..\include\osal_ui_pane.h">
      <Filter>libosal\ui</Filter>
    </ClInclude>
    <ClInclude Include="..\include\osal_ui_slider.h">
      <Filter>libosal\ui</Filter>
    </ClInclude>
    <ClInclude Include="..\include\osal_ui_edit.h">
      <Filter>libosal\ui</Filter>
    </ClInclude>
    <ClInclude Include="..\include\osal_util_jni.h">
      <Filter>libosal\util</Filter>
    </ClInclude>
    <ClInclude Include="..\include\osal_storage_driver_asset.h">
      <Filter>libosal\storage</Filter>
    </ClInclude>
    <ClInclude Include="..\include\osal_gfx_drawablecanvas.h">
      <Filter>libosal\graphics</Filter>
    </ClInclude>
    <ClInclude Include="..\include\osal_util_string.h">
      <Filter>libosal\util</Filter>
    </ClInclude>
  </ItemGroup>
  <ItemGroup>
    <ClCompile Include="..\src\osal_gfx_renderer.cpp">
      <Filter>libosal\graphics</Filter>
    </ClCompile>
    <ClCompile Include="..\src\osal_gfx_resmgr.cpp">
      <Filter>libosal\graphics</Filter>
    </ClCompile>
    <ClCompile Include="..\src\osal_kernel.cpp">
      <Filter>libosal\kernel</Filter>
    </ClCompile>
    <ClCompile Include="..\src\osal_gfx_ibo.cpp">
      <Filter>libosal\graphics</Filter>
    </ClCompile>
    <ClCompile Include="..\src\osal_gfx_shader.cpp">
      <Filter>libosal\graphics</Filter>
    </ClCompile>
    <ClCompile Include="..\src\osal_gfx_tex.cpp">
      <Filter>libosal\graphics</Filter>
    </ClCompile>
    <ClCompile Include="..\src\osal_gfx_vbo.cpp">
      <Filter>libosal\graphics</Filter>
    </ClCompile>
    <ClCompile Include="..\src\osal_gfx_drawable.cpp">
      <Filter>libosal\graphics</Filter>
    </ClCompile>
    <ClCompile Include="..\src\osal_gfx_draw2d.cpp">
      <Filter>libosal\graphics</Filter>
    </ClCompile>
    <ClCompile Include="..\src\osal_gfx_draw2d_shaders.cpp">
      <Filter>libosal\graphics</Filter>
    </ClCompile>
    <ClCompile Include="..\src\osal_storage_buffer.cpp">
      <Filter>libosal\storage</Filter>
    </ClCompile>
    <ClCompile Include="..\src\osal_storage_vfs.cpp">
      <Filter>libosal\storage</Filter>
    </ClCompile>
    <ClCompile Include="..\src\osal_time_service.cpp">
      <Filter>libosal\time</Filter>
    </ClCompile>
    <ClCompile Include="..\src\osal_ui_service.cpp">
      <Filter>libosal\ui</Filter>
    </ClCompile>
    <ClCompile Include="..\src\osal_ui_widget.cpp">
      <Filter>libosal\ui</Filter>
    </ClCompile>
    <ClCompile Include="..\src\osal_ui_label.cpp">
      <Filter>libosal\ui</Filter>
    </ClCompile>
    <ClCompile Include="..\src\osal_ui_button.cpp">
      <Filter>libosal\ui</Filter>
    </ClCompile>
    <ClCompile Include="..\src\osal_ui_pane.cpp">
      <Filter>libosal\ui</Filter>
    </ClCompile>
    <ClCompile Include="..\src\osal_ui_slider.cpp">
      <Filter>libosal\ui</Filter>
    </ClCompile>
    <ClCompile Include="..\src\osal_ui_edit.cpp">
      <Filter>libosal\ui</Filter>
    </ClCompile>
    <ClCompile Include="..\src\osal_util_jni.cpp">
      <Filter>libosal\util</Filter>
    </ClCompile>
    <ClCompile Include="..\src\osal_util_log.cpp">
      <Filter>libosal\util</Filter>
    </ClCompile>
    <ClCompile Include="..\src\osal_storage_driver_file.cpp">
      <Filter>libosal\storage</Filter>
    </ClCompile>
    <ClCompile Include="..\src\osal_storage_driver_asset.cpp">
      <Filter>libosal\storage</Filter>
    </ClCompile>
    <ClCompile Include="..\src\osal_gfx_drawablecanvas.cpp">
      <Filter>libosal\graphics</Filter>
    </ClCompile>
    <ClCompile Include="..\src\osal_util_string.cpp">
      <Filter>libosal\util</Filter>
    </ClCompile>
  </ItemGroup>
</Project>