<?xml version="1.0" encoding="utf-8"?>
<Project ToolsVersion="4.0" xmlns="http://schemas.microsoft.com/developer/msbuild/2003">
  <ItemGroup>
    <Filter Include="src">
      <UniqueIdentifier>{a76bb8bb-bfb2-41fe-bf81-17c4e35210d6}</UniqueIdentifier>
    </Filter>
    <Filter Include="bootstrap">
      <UniqueIdentifier>{c5a7de26-90dc-4803-ac6b-f0cd2ecf2aea}</UniqueIdentifier>
    </Filter>
    <Filter Include="assets">
      <UniqueIdentifier>{67DA6AB6-F800-4c08-8B7A-83BB121AAD01}</UniqueIdentifier>
      <Extensions>rc;ico;cur;bmp;dlg;rc2;rct;bin;rgs;gif;jpg;jpeg;jpe;resx;tiff;tif;png;wav;mfcribbon-ms</Extensions>
    </Filter>
    <Filter Include="assets\shader">
      <UniqueIdentifier>{21a562c7-f5bc-4385-977c-2f47b6a36608}</UniqueIdentifier>
    </Filter>
    <Filter Include="assets\ui">
      <UniqueIdentifier>{b298b605-2782-497e-8dea-63866b52ff50}</UniqueIdentifier>
    </Filter>
  </ItemGroup>
  <ItemGroup>
    <ClCompile Include="..\src\bootapp.cpp">
      <Filter>src</Filter>
    </ClCompile>
    <ClCompile Include="..\src\pane1.cpp">
      <Filter>src</Filter>
    </ClCompile>
    <ClCompile Include="..\..\..\bootstrap\win\catview.cpp">
      <Filter>bootstrap</Filter>
    </ClCompile>
    <ClCompile Include="..\..\..\bootstrap\win\winmain.cpp">
      <Filter>bootstrap</Filter>
    </ClCompile>
  </ItemGroup>
  <ItemGroup>
    <ClInclude Include="..\src\bootapp.h">
      <Filter>src</Filter>
    </ClInclude>
    <ClInclude Include="..\src\pane1.h">
      <Filter>src</Filter>
    </ClInclude>
    <ClInclude Include="..\..\..\bootstrap\win\catview.h">
      <Filter>bootstrap</Filter>
    </ClInclude>
  </ItemGroup>
  <ItemGroup>
    <Image Include="..\assets\ui\default_ui.png">
      <Filter>assets\ui</Filter>
    </Image>
  </ItemGroup>
  <ItemGroup>
    <None Include="..\assets\shader\custom.shader">
      <Filter>assets\shader</Filter>
    </None>
  </ItemGroup>
</Project>